
Microsoft Visual Studio Solution File, Format Version 12.00
# Visual Studio 2013
VisualStudioVersion = 12.0.30723.0
MinimumVisualStudioVersion = 10.0.40219.1
Project("{2150E333-8FDC-42A3-9474-1A3956D46DE8}") = "C", "C", "{1582FBC9-C228-4AA7-845B-585F082334C3}"
EndProject
Project("{2150E333-8FDC-42A3-9474-1A3956D46DE8}") = "CPP", "CPP", "{1723A19C-346F-4F9B-97A4-6A68C36DACFC}"
EndProject
Project("{2150E333-8FDC-42A3-9474-1A3956D46DE8}") = "ObjectiveC", "ObjectiveC", "{9B744AF7-4F75-45C1-96EF-0033F3C07B96}"
EndProject
Project("{2150E333-8FDC-42A3-9474-1A3956D46DE8}") = "CS", "CS", "{8EAD8473-037C-4032-8124-60B2F7E76FAB}"
EndProject
Project("{2150E333-8FDC-42A3-9474-1A3956D46DE8}") = "Android", "Android", "{41F3DD73-922E-438E-AFE6-FA07DC8FF547}"
EndProject
Project("{2150E333-8FDC-42A3-9474-1A3956D46DE8}") = "ASP.NET", "ASP.NET", "{4389733B-7BA3-430A-AE11-B9CA73CC42A3}"
EndProject
Project("{2150E333-8FDC-42A3-9474-1A3956D46DE8}") = "iOS", "iOS", "{024B0524-C30D-4DF7-B5CA-58B3E9E8AE82}"
EndProject
Project("{2150E333-8FDC-42A3-9474-1A3956D46DE8}") = "Mac", "Mac", "{2DA9DA98-63C7-47AE-B6E5-2556366B57B0}"
EndProject
Project("{2150E333-8FDC-42A3-9474-1A3956D46DE8}") = "MacOpenSource", "MacOpenSource", "{84E282D3-6651-4FC8-811E-23C9FF28EC5F}"
EndProject
Project("{2150E333-8FDC-42A3-9474-1A3956D46DE8}") = "MacOpenSource", "MacOpenSource", "{8CAF0E33-47E1-4C4A-8B7E-709933D139F0}"
EndProject
Project("{2150E333-8FDC-42A3-9474-1A3956D46DE8}") = "Xamarin.Mac", "Xamarin.Mac", "{ACC802B2-8A61-4013-89C3-9DE058D1FA68}"
	ProjectSection(SolutionItems) = preProject
		CS\Mac\Xamarin.Mac\readme.md = CS\Mac\Xamarin.Mac\readme.md
	EndProjectSection
EndProject
Project("{2150E333-8FDC-42A3-9474-1A3956D46DE8}") = "XamarinStudio", "XamarinStudio", "{B5E96D9F-09CF-4F39-84E9-CBBFE26F3281}"
EndProject
Project("{2150E333-8FDC-42A3-9474-1A3956D46DE8}") = "NUnit", "NUnit", "{10F8FD48-BE3F-4FF1-A517-206CF96F75E8}"
EndProject
Project("{2150E333-8FDC-42A3-9474-1A3956D46DE8}") = "Solution Items", "Solution Items", "{B79B9B6E-DC4C-40DB-ACF1-654869323A2F}"
	ProjectSection(SolutionItems) = preProject
		readme.md = readme.md
	EndProjectSection
EndProject
Project("{2150E333-8FDC-42A3-9474-1A3956D46DE8}") = "FS", "FS", "{07DEA3BA-6756-48DF-ABE1-52550EB976D4}"
EndProject
Project("{2150E333-8FDC-42A3-9474-1A3956D46DE8}") = "Android", "Android", "{29D17746-9863-44BF-B12D-3066C3701A49}"
EndProject
Project("{2150E333-8FDC-42A3-9474-1A3956D46DE8}") = "ASP.NET", "ASP.NET", "{625EC405-FAFA-4BFA-84A0-76076FABB500}"
EndProject
Project("{2150E333-8FDC-42A3-9474-1A3956D46DE8}") = "iOS", "iOS", "{20753D72-2A78-4587-AE4A-7DDBE26E97DE}"
EndProject
Project("{2150E333-8FDC-42A3-9474-1A3956D46DE8}") = "Mac", "Mac", "{87F61E13-ACAB-4C4C-B680-2E0E1A182F34}"
EndProject
Project("{2150E333-8FDC-42A3-9474-1A3956D46DE8}") = "NUnit", "NUnit", "{DEF6633F-6224-4F34-BC96-81FD0DC21C6D}"
EndProject
Project("{2150E333-8FDC-42A3-9474-1A3956D46DE8}") = "XamarinStudio", "XamarinStudio", "{34BF3256-3BE2-4A1C-82FB-A4BA4AB02723}"
EndProject
Project("{2857B73E-F847-4B02-9238-064979017E93}") = "ConsoleProject-C", "C\ConsoleProject-C\ConsoleProject-C.cproj", "{EF11174B-4DE2-4303-A4D3-DF6A4398D898}"
EndProject
Project("{2857B73E-F847-4B02-9238-064979017E93}") = "EmptyProject-C", "C\EmptyProject-C\EmptyProject-C.cproj", "{D65BE601-F697-4DCB-B38B-A44416BCB18C}"
EndProject
Project("{2857B73E-F847-4B02-9238-064979017E93}") = "SharedLibrary-C", "C\SharedLibrary-C\SharedLibrary-C.cproj", "{1A6BA588-FA6A-43A1-BF93-A752574D2167}"
EndProject
Project("{2857B73E-F847-4B02-9238-064979017E93}") = "StaticLibrary-C", "C\StaticLibrary-C\StaticLibrary-C.cproj", "{6BC656C6-2B14-4F16-895D-39F5A8AC8CC3}"
EndProject
Project("{2857B73E-F847-4B02-9238-064979017E93}") = "ConsoleProject-CPP", "CPP\ConsoleProject-CPP\ConsoleProject-CPP.cproj", "{A35E5ED4-44ED-449D-90B3-7606A50F3DD0}"
EndProject
Project("{2857B73E-F847-4B02-9238-064979017E93}") = "EmptyProject-CPP", "CPP\EmptyProject-CPP\EmptyProject-CPP.cproj", "{ADA3AF83-E255-49CC-8B50-EEA07D59CFBE}"
EndProject
Project("{2857B73E-F847-4B02-9238-064979017E93}") = "SharedLibrary-CPP", "CPP\SharedLibrary-CPP\SharedLibrary-CPP.cproj", "{C36B3EC5-7345-48EE-B190-3435018E4133}"
EndProject
Project("{2857B73E-F847-4B02-9238-064979017E93}") = "StaticLibrary-CPP", "CPP\StaticLibrary-CPP\StaticLibrary-CPP.cproj", "{1D3B2884-AF92-4434-9C27-10F96D8B268B}"
EndProject
Project("{2857B73E-F847-4B02-9238-064979017E93}") = "ConsoleProject-ObjectiveC", "ObjectiveC\ConsoleProject-ObjectiveC\ConsoleProject-ObjectiveC.cproj", "{0F7689DC-4641-410E-88A3-54A846A5D4CE}"
EndProject
Project("{FAE04EC0-301F-11D3-BF4B-00C04F79EFBC}") = "AndroidLibraryProject-CS", "CS\Android\AndroidLibraryProject-CS\AndroidLibraryProject-CS.csproj", "{447DD619-4808-4F6A-8D56-D8FAB9E585FD}"
EndProject
Project("{FAE04EC0-301F-11D3-BF4B-00C04F79EFBC}") = "AndroidJavaBindingLibrary-CS", "CS\Android\AndroidJavaBindingLibrary-CS\AndroidJavaBindingLibrary-CS.csproj", "{30171CAA-9C6B-46A0-AC96-032DA5CC9A7E}"
EndProject
Project("{FAE04EC0-301F-11D3-BF4B-00C04F79EFBC}") = "AndroidApplication-CS", "CS\Android\AndroidApplication-CS\AndroidApplication-CS.csproj", "{F6E8DD09-73E4-4FC0-9166-C6A3FBA1EDE1}"
EndProject
Project("{FAE04EC0-301F-11D3-BF4B-00C04F79EFBC}") = "AndroidHoneycombApplication-CS", "CS\Android\AndroidHoneycombApplication-CS\AndroidHoneycombApplication-CS.csproj", "{02BBB9ED-BCE1-4CA1-8DEB-31C6BAACF275}"
EndProject
Project("{FAE04EC0-301F-11D3-BF4B-00C04F79EFBC}") = "AndroidIceCreamSandwichApplication-CS", "CS\Android\AndroidIceCreamSandwichApplication-CS\AndroidIceCreamSandwichApplication-CS.csproj", "{F248B904-4096-457E-854E-FC92FE394CED}"
EndProject
Project("{FAE04EC0-301F-11D3-BF4B-00C04F79EFBC}") = "AndroidOpenGLApplication-CS", "CS\Android\AndroidOpenGLApplication-CS\AndroidOpenGLApplication-CS.csproj", "{FF1137B1-87B1-426D-AB9A-D70364210419}"
EndProject
Project("{FAE04EC0-301F-11D3-BF4B-00C04F79EFBC}") = "AndroidUnitTestProject", "CS\Android\AndroidUnitTestProject\AndroidUnitTestProject.csproj", "{B41D3977-0F25-43E7-89A4-726F5B283B30}"
EndProject
Project("{FAE04EC0-301F-11D3-BF4B-00C04F79EFBC}") = "WebApplication-CS", "CS\ASP.NET\WebApplication-CS\WebApplication-CS.csproj", "{FB813837-4273-46F8-90D5-92278224F889}"
EndProject
Project("{F184B08F-C81C-45F6-A57F-5ABD9991F28F}") = "EmptyWebApplication-CS", "CS\ASP.NET\EmptyWebApplication-CS\EmptyWebApplication-CS.vbproj", "{67DCD2E9-C572-4A7A-82AE-2811F7C5CF17}"
EndProject
Project("{FAE04EC0-301F-11D3-BF4B-00C04F79EFBC}") = "EmptyMVC2-CS", "CS\ASP.NET\EmptyMVC2-CS\EmptyMVC2-CS.csproj", "{804C8E0C-6747-408D-AC42-A2CAAD1B91B2}"
EndProject
Project("{FAE04EC0-301F-11D3-BF4B-00C04F79EFBC}") = "MVC2-CS", "CS\ASP.NET\MVC2-CS\MVC2-CS.csproj", "{7F18BDA9-9EB6-4B50-A105-7BDBD8A5D755}"
EndProject
Project("{FAE04EC0-301F-11D3-BF4B-00C04F79EFBC}") = "MVC2UnitTests-CS", "CS\ASP.NET\MVC2UnitTests-CS\MVC2UnitTests-CS.csproj", "{B5C29309-AD2E-4EE6-8421-E0A7C09559B5}"
EndProject
Project("{FAE04EC0-301F-11D3-BF4B-00C04F79EFBC}") = "iOSBindingProject", "CS\iOS\iOSBindingProject\iOSBindingProject.csproj", "{23BA2A00-C5CE-4D79-B219-8FCFC0E63A9C}"
EndProject
Project("{FAE04EC0-301F-11D3-BF4B-00C04F79EFBC}") = "iOSUnitTestsProject", "CS\iOS\iOSBindingProject\iOSUnitTestsProject\iOSUnitTestsProject.csproj", "{B623F569-A7BF-445C-9882-5AE052597F2B}"
EndProject
Project("{FAE04EC0-301F-11D3-BF4B-00C04F79EFBC}") = "iOSLibraryProject", "CS\iOS\iOSBindingProject\iOSLibraryProject\iOSLibraryProject.csproj", "{3DAC30E9-1342-431B-A383-BADF774096A8}"
EndProject
Project("{FAE04EC0-301F-11D3-BF4B-00C04F79EFBC}") = "MonoMac.Document.Project-CS", "CS\Mac\MacOpenSource\MonoMac.Document.Project-CS\MonoMac.Document.Project-CS.csproj", "{D5419814-C981-4A38-A421-357407714393}"
EndProject
Project("{FAE04EC0-301F-11D3-BF4B-00C04F79EFBC}") = "MonoMac.Library.Project-CS", "CS\Mac\MacOpenSource\MonoMac.Library.Project-CS\MonoMac.Library.Project-CS.csproj", "{4E969C46-0EA2-4C65-8E6D-9254F5FDD211}"
EndProject
Project("{FAE04EC0-301F-11D3-BF4B-00C04F79EFBC}") = "MonoMac.Project-CS", "CS\Mac\MacOpenSource\MonoMac.Project-CS\MonoMac.Project-CS.csproj", "{0D9B5658-243F-457A-816D-FCE74EF9E353}"
EndProject
Project("{FAE04EC0-301F-11D3-BF4B-00C04F79EFBC}") = "MonoMac.Project.Empty-CS", "CS\Mac\MacOpenSource\MonoMac.Project.Empty-CS\MonoMac.Project.Empty-CS.csproj", "{7960BBEE-8718-4D48-B662-C0490242926D}"
EndProject
Project("{FAE04EC0-301F-11D3-BF4B-00C04F79EFBC}") = "ConsoleProject-CS", "CS\ConsoleProject-CS\ConsoleProject-CS.csproj", "{EFA2D6E1-31AF-4844-A286-EC9D1529CC84}"
EndProject
Project("{FAE04EC0-301F-11D3-BF4B-00C04F79EFBC}") = "EmptyProject-CS", "CS\EmptyProject-CS\EmptyProject-CS.csproj", "{AD589BC4-1D31-45E8-ACC1-318D0B24BF69}"
EndProject
Project("{FAE04EC0-301F-11D3-BF4B-00C04F79EFBC}") = "GTKSharp2.0-CS", "CS\GTKSharp2.0-CS\GTKSharp2.0-CS.csproj", "{2B78622B-429F-4D35-AFBB-B3D6049969B7}"
EndProject
Project("{FAE04EC0-301F-11D3-BF4B-00C04F79EFBC}") = "Library-CS", "CS\Library-CS\Library-CS.csproj", "{2881FFFA-1BE8-4A24-A8D9-8B9FDFA96949}"
EndProject
Project("{FAE04EC0-301F-11D3-BF4B-00C04F79EFBC}") = "PortableLibrary-CS", "CS\PortableLibrary-CS\PortableLibrary-CS.csproj", "{982327FF-7D07-4E8F-AD82-3E620D57EBA2}"
EndProject
Project("{FAE04EC0-301F-11D3-BF4B-00C04F79EFBC}") = "NUnit-CS", "CS\NUnit-CS\NUnit-CS.csproj", "{7073FA6E-671F-4094-BCDB-036A43DE9A9B}"
EndProject
Project("{FAE04EC0-301F-11D3-BF4B-00C04F79EFBC}") = "XamarinStudioAddIn-CS", "CS\XamarinStudioAddIn-CS\XamarinStudioAddIn-CS.csproj", "{FC09796D-584E-4314-88CA-E453C1D52EA7}"
EndProject
Project("{FAE04EC0-301F-11D3-BF4B-00C04F79EFBC}") = "NUnit.Library.Project", "CS\NUnit-CS\NUnit.Library.Project\NUnit.Library.Project.csproj", "{8ED7CDFA-3A26-4870-B9A9-936E7C6AEFBC}"
EndProject
Project("{4925A630-B079-445D-BCD4-3A9C94FE9307}") = "AndroidApplication-FS", "FS\Android\AndroidApplication-FS\AndroidApplication-FS.fsproj", "{6A3711CE-A22F-421D-AF9F-2661E6B9D3B5}"
EndProject
Project("{4925A630-B079-445D-BCD4-3A9C94FE9307}") = "Android.Library.Project-FS", "FS\Android\Android.Library.Project-FS\Android.Library.Project-FS.fsproj", "{7A989EAC-CD32-4673-8FF5-709ECBD1B134}"
EndProject
Project("{4925A630-B079-445D-BCD4-3A9C94FE9307}") = "Android.Honeycomb.Application-FS", "FS\Android\Android.Honeycomb.Application-FS\Android.Honeycomb.Application-FS.fsproj", "{49D83E73-90B8-4C9A-B2EF-D835CE9964F8}"
EndProject
Project("{4925A630-B079-445D-BCD4-3A9C94FE9307}") = "Android.IceCreamSandwich.Application-FS", "FS\Android\Android.IceCreamSandwich.Application-FS\Android.IceCreamSandwich.Application-FS.fsproj", "{A7C572F3-6405-4E16-8739-10387F50B805}"
EndProject
Project("{4925A630-B079-445D-BCD4-3A9C94FE9307}") = "Android.OpenGL.Application-FS", "FS\Android\Android.OpenGL.Application-FS\Android.OpenGL.Application-FS.fsproj", "{E284DED3-E65A-4245-ADD4-291B7B08D026}"
EndProject
Project("{4925A630-B079-445D-BCD4-3A9C94FE9307}") = "Android.Unit.Test.Project-FS", "FS\Android\Android.Unit.Test.Project-FS\Android.Unit.Test.Project-FS.fsproj", "{A5DF79EC-28AD-47D7-9618-2A181BDFDB98}"
EndProject
Global
	GlobalSection(SolutionConfigurationPlatforms) = preSolution
		Ad-Hoc|Any CPU = Ad-Hoc|Any CPU
		Ad-Hoc|iPhone = Ad-Hoc|iPhone
		Ad-Hoc|iPhoneSimulator = Ad-Hoc|iPhoneSimulator
		AppStore|Any CPU = AppStore|Any CPU
		AppStore|iPhone = AppStore|iPhone
		AppStore|iPhoneSimulator = AppStore|iPhoneSimulator
		Debug|Any CPU = Debug|Any CPU
		Debug|iPhone = Debug|iPhone
		Debug|iPhoneSimulator = Debug|iPhoneSimulator
		Release|Any CPU = Release|Any CPU
		Release|iPhone = Release|iPhone
		Release|iPhoneSimulator = Release|iPhoneSimulator
	EndGlobalSection
	GlobalSection(ProjectConfigurationPlatforms) = postSolution
		{EF11174B-4DE2-4303-A4D3-DF6A4398D898}.Ad-Hoc|Any CPU.ActiveCfg = Release|Any CPU
		{EF11174B-4DE2-4303-A4D3-DF6A4398D898}.Ad-Hoc|iPhone.ActiveCfg = Debug|Any CPU
		{EF11174B-4DE2-4303-A4D3-DF6A4398D898}.Ad-Hoc|iPhone.Build.0 = Debug|Any CPU
		{EF11174B-4DE2-4303-A4D3-DF6A4398D898}.Ad-Hoc|iPhoneSimulator.ActiveCfg = Release|Any CPU
		{EF11174B-4DE2-4303-A4D3-DF6A4398D898}.AppStore|Any CPU.ActiveCfg = Release|Any CPU
		{EF11174B-4DE2-4303-A4D3-DF6A4398D898}.AppStore|iPhone.ActiveCfg = Debug|Any CPU
		{EF11174B-4DE2-4303-A4D3-DF6A4398D898}.AppStore|iPhone.Build.0 = Debug|Any CPU
		{EF11174B-4DE2-4303-A4D3-DF6A4398D898}.AppStore|iPhoneSimulator.ActiveCfg = Release|Any CPU
		{EF11174B-4DE2-4303-A4D3-DF6A4398D898}.Debug|Any CPU.ActiveCfg = Debug|Any CPU
		{EF11174B-4DE2-4303-A4D3-DF6A4398D898}.Debug|Any CPU.Build.0 = Debug|Any CPU
		{EF11174B-4DE2-4303-A4D3-DF6A4398D898}.Debug|iPhone.ActiveCfg = Debug|Any CPU
		{EF11174B-4DE2-4303-A4D3-DF6A4398D898}.Debug|iPhone.Build.0 = Debug|Any CPU
		{EF11174B-4DE2-4303-A4D3-DF6A4398D898}.Debug|iPhoneSimulator.ActiveCfg = Debug|Any CPU
		{EF11174B-4DE2-4303-A4D3-DF6A4398D898}.Debug|iPhoneSimulator.Build.0 = Debug|Any CPU
		{EF11174B-4DE2-4303-A4D3-DF6A4398D898}.Release|Any CPU.ActiveCfg = Release|Any CPU
		{EF11174B-4DE2-4303-A4D3-DF6A4398D898}.Release|Any CPU.Build.0 = Release|Any CPU
		{EF11174B-4DE2-4303-A4D3-DF6A4398D898}.Release|iPhone.ActiveCfg = Release|Any CPU
		{EF11174B-4DE2-4303-A4D3-DF6A4398D898}.Release|iPhone.Build.0 = Release|Any CPU
		{EF11174B-4DE2-4303-A4D3-DF6A4398D898}.Release|iPhoneSimulator.ActiveCfg = Release|Any CPU
		{EF11174B-4DE2-4303-A4D3-DF6A4398D898}.Release|iPhoneSimulator.Build.0 = Release|Any CPU
		{D65BE601-F697-4DCB-B38B-A44416BCB18C}.Ad-Hoc|Any CPU.ActiveCfg = Release|Any CPU
		{D65BE601-F697-4DCB-B38B-A44416BCB18C}.Ad-Hoc|iPhone.ActiveCfg = Debug|Any CPU
		{D65BE601-F697-4DCB-B38B-A44416BCB18C}.Ad-Hoc|iPhone.Build.0 = Debug|Any CPU
		{D65BE601-F697-4DCB-B38B-A44416BCB18C}.Ad-Hoc|iPhoneSimulator.ActiveCfg = Release|Any CPU
		{D65BE601-F697-4DCB-B38B-A44416BCB18C}.AppStore|Any CPU.ActiveCfg = Release|Any CPU
		{D65BE601-F697-4DCB-B38B-A44416BCB18C}.AppStore|iPhone.ActiveCfg = Debug|Any CPU
		{D65BE601-F697-4DCB-B38B-A44416BCB18C}.AppStore|iPhone.Build.0 = Debug|Any CPU
		{D65BE601-F697-4DCB-B38B-A44416BCB18C}.AppStore|iPhoneSimulator.ActiveCfg = Release|Any CPU
		{D65BE601-F697-4DCB-B38B-A44416BCB18C}.Debug|Any CPU.ActiveCfg = Debug|Any CPU
		{D65BE601-F697-4DCB-B38B-A44416BCB18C}.Debug|Any CPU.Build.0 = Debug|Any CPU
		{D65BE601-F697-4DCB-B38B-A44416BCB18C}.Debug|iPhone.ActiveCfg = Debug|Any CPU
		{D65BE601-F697-4DCB-B38B-A44416BCB18C}.Debug|iPhone.Build.0 = Debug|Any CPU
		{D65BE601-F697-4DCB-B38B-A44416BCB18C}.Debug|iPhoneSimulator.ActiveCfg = Debug|Any CPU
		{D65BE601-F697-4DCB-B38B-A44416BCB18C}.Debug|iPhoneSimulator.Build.0 = Debug|Any CPU
		{D65BE601-F697-4DCB-B38B-A44416BCB18C}.Release|Any CPU.ActiveCfg = Release|Any CPU
		{D65BE601-F697-4DCB-B38B-A44416BCB18C}.Release|Any CPU.Build.0 = Release|Any CPU
		{D65BE601-F697-4DCB-B38B-A44416BCB18C}.Release|iPhone.ActiveCfg = Release|Any CPU
		{D65BE601-F697-4DCB-B38B-A44416BCB18C}.Release|iPhone.Build.0 = Release|Any CPU
		{D65BE601-F697-4DCB-B38B-A44416BCB18C}.Release|iPhoneSimulator.ActiveCfg = Release|Any CPU
		{D65BE601-F697-4DCB-B38B-A44416BCB18C}.Release|iPhoneSimulator.Build.0 = Release|Any CPU
		{1A6BA588-FA6A-43A1-BF93-A752574D2167}.Ad-Hoc|Any CPU.ActiveCfg = Release|Any CPU
		{1A6BA588-FA6A-43A1-BF93-A752574D2167}.Ad-Hoc|iPhone.ActiveCfg = Debug|Any CPU
		{1A6BA588-FA6A-43A1-BF93-A752574D2167}.Ad-Hoc|iPhone.Build.0 = Debug|Any CPU
		{1A6BA588-FA6A-43A1-BF93-A752574D2167}.Ad-Hoc|iPhoneSimulator.ActiveCfg = Release|Any CPU
		{1A6BA588-FA6A-43A1-BF93-A752574D2167}.AppStore|Any CPU.ActiveCfg = Release|Any CPU
		{1A6BA588-FA6A-43A1-BF93-A752574D2167}.AppStore|iPhone.ActiveCfg = Debug|Any CPU
		{1A6BA588-FA6A-43A1-BF93-A752574D2167}.AppStore|iPhone.Build.0 = Debug|Any CPU
		{1A6BA588-FA6A-43A1-BF93-A752574D2167}.AppStore|iPhoneSimulator.ActiveCfg = Release|Any CPU
		{1A6BA588-FA6A-43A1-BF93-A752574D2167}.Debug|Any CPU.ActiveCfg = Debug|Any CPU
		{1A6BA588-FA6A-43A1-BF93-A752574D2167}.Debug|Any CPU.Build.0 = Debug|Any CPU
		{1A6BA588-FA6A-43A1-BF93-A752574D2167}.Debug|iPhone.ActiveCfg = Debug|Any CPU
		{1A6BA588-FA6A-43A1-BF93-A752574D2167}.Debug|iPhone.Build.0 = Debug|Any CPU
		{1A6BA588-FA6A-43A1-BF93-A752574D2167}.Debug|iPhoneSimulator.ActiveCfg = Debug|Any CPU
		{1A6BA588-FA6A-43A1-BF93-A752574D2167}.Debug|iPhoneSimulator.Build.0 = Debug|Any CPU
		{1A6BA588-FA6A-43A1-BF93-A752574D2167}.Release|Any CPU.ActiveCfg = Release|Any CPU
		{1A6BA588-FA6A-43A1-BF93-A752574D2167}.Release|Any CPU.Build.0 = Release|Any CPU
		{1A6BA588-FA6A-43A1-BF93-A752574D2167}.Release|iPhone.ActiveCfg = Release|Any CPU
		{1A6BA588-FA6A-43A1-BF93-A752574D2167}.Release|iPhone.Build.0 = Release|Any CPU
		{1A6BA588-FA6A-43A1-BF93-A752574D2167}.Release|iPhoneSimulator.ActiveCfg = Release|Any CPU
		{1A6BA588-FA6A-43A1-BF93-A752574D2167}.Release|iPhoneSimulator.Build.0 = Release|Any CPU
		{6BC656C6-2B14-4F16-895D-39F5A8AC8CC3}.Ad-Hoc|Any CPU.ActiveCfg = Release|Any CPU
		{6BC656C6-2B14-4F16-895D-39F5A8AC8CC3}.Ad-Hoc|iPhone.ActiveCfg = Debug|Any CPU
		{6BC656C6-2B14-4F16-895D-39F5A8AC8CC3}.Ad-Hoc|iPhone.Build.0 = Debug|Any CPU
		{6BC656C6-2B14-4F16-895D-39F5A8AC8CC3}.Ad-Hoc|iPhoneSimulator.ActiveCfg = Release|Any CPU
		{6BC656C6-2B14-4F16-895D-39F5A8AC8CC3}.AppStore|Any CPU.ActiveCfg = Release|Any CPU
		{6BC656C6-2B14-4F16-895D-39F5A8AC8CC3}.AppStore|iPhone.ActiveCfg = Debug|Any CPU
		{6BC656C6-2B14-4F16-895D-39F5A8AC8CC3}.AppStore|iPhone.Build.0 = Debug|Any CPU
		{6BC656C6-2B14-4F16-895D-39F5A8AC8CC3}.AppStore|iPhoneSimulator.ActiveCfg = Release|Any CPU
		{6BC656C6-2B14-4F16-895D-39F5A8AC8CC3}.Debug|Any CPU.ActiveCfg = Debug|Any CPU
		{6BC656C6-2B14-4F16-895D-39F5A8AC8CC3}.Debug|Any CPU.Build.0 = Debug|Any CPU
		{6BC656C6-2B14-4F16-895D-39F5A8AC8CC3}.Debug|iPhone.ActiveCfg = Debug|Any CPU
		{6BC656C6-2B14-4F16-895D-39F5A8AC8CC3}.Debug|iPhone.Build.0 = Debug|Any CPU
		{6BC656C6-2B14-4F16-895D-39F5A8AC8CC3}.Debug|iPhoneSimulator.ActiveCfg = Debug|Any CPU
		{6BC656C6-2B14-4F16-895D-39F5A8AC8CC3}.Debug|iPhoneSimulator.Build.0 = Debug|Any CPU
		{6BC656C6-2B14-4F16-895D-39F5A8AC8CC3}.Release|Any CPU.ActiveCfg = Release|Any CPU
		{6BC656C6-2B14-4F16-895D-39F5A8AC8CC3}.Release|Any CPU.Build.0 = Release|Any CPU
		{6BC656C6-2B14-4F16-895D-39F5A8AC8CC3}.Release|iPhone.ActiveCfg = Release|Any CPU
		{6BC656C6-2B14-4F16-895D-39F5A8AC8CC3}.Release|iPhone.Build.0 = Release|Any CPU
		{6BC656C6-2B14-4F16-895D-39F5A8AC8CC3}.Release|iPhoneSimulator.ActiveCfg = Release|Any CPU
		{6BC656C6-2B14-4F16-895D-39F5A8AC8CC3}.Release|iPhoneSimulator.Build.0 = Release|Any CPU
		{A35E5ED4-44ED-449D-90B3-7606A50F3DD0}.Ad-Hoc|Any CPU.ActiveCfg = Release|Any CPU
		{A35E5ED4-44ED-449D-90B3-7606A50F3DD0}.Ad-Hoc|iPhone.ActiveCfg = Debug|Any CPU
		{A35E5ED4-44ED-449D-90B3-7606A50F3DD0}.Ad-Hoc|iPhone.Build.0 = Debug|Any CPU
		{A35E5ED4-44ED-449D-90B3-7606A50F3DD0}.Ad-Hoc|iPhoneSimulator.ActiveCfg = Release|Any CPU
		{A35E5ED4-44ED-449D-90B3-7606A50F3DD0}.AppStore|Any CPU.ActiveCfg = Release|Any CPU
		{A35E5ED4-44ED-449D-90B3-7606A50F3DD0}.AppStore|iPhone.ActiveCfg = Debug|Any CPU
		{A35E5ED4-44ED-449D-90B3-7606A50F3DD0}.AppStore|iPhone.Build.0 = Debug|Any CPU
		{A35E5ED4-44ED-449D-90B3-7606A50F3DD0}.AppStore|iPhoneSimulator.ActiveCfg = Release|Any CPU
		{A35E5ED4-44ED-449D-90B3-7606A50F3DD0}.Debug|Any CPU.ActiveCfg = Debug|Any CPU
		{A35E5ED4-44ED-449D-90B3-7606A50F3DD0}.Debug|Any CPU.Build.0 = Debug|Any CPU
		{A35E5ED4-44ED-449D-90B3-7606A50F3DD0}.Debug|iPhone.ActiveCfg = Debug|Any CPU
		{A35E5ED4-44ED-449D-90B3-7606A50F3DD0}.Debug|iPhone.Build.0 = Debug|Any CPU
		{A35E5ED4-44ED-449D-90B3-7606A50F3DD0}.Debug|iPhoneSimulator.ActiveCfg = Debug|Any CPU
		{A35E5ED4-44ED-449D-90B3-7606A50F3DD0}.Debug|iPhoneSimulator.Build.0 = Debug|Any CPU
		{A35E5ED4-44ED-449D-90B3-7606A50F3DD0}.Release|Any CPU.ActiveCfg = Release|Any CPU
		{A35E5ED4-44ED-449D-90B3-7606A50F3DD0}.Release|Any CPU.Build.0 = Release|Any CPU
		{A35E5ED4-44ED-449D-90B3-7606A50F3DD0}.Release|iPhone.ActiveCfg = Release|Any CPU
		{A35E5ED4-44ED-449D-90B3-7606A50F3DD0}.Release|iPhone.Build.0 = Release|Any CPU
		{A35E5ED4-44ED-449D-90B3-7606A50F3DD0}.Release|iPhoneSimulator.ActiveCfg = Release|Any CPU
		{A35E5ED4-44ED-449D-90B3-7606A50F3DD0}.Release|iPhoneSimulator.Build.0 = Release|Any CPU
		{ADA3AF83-E255-49CC-8B50-EEA07D59CFBE}.Ad-Hoc|Any CPU.ActiveCfg = Release|Any CPU
		{ADA3AF83-E255-49CC-8B50-EEA07D59CFBE}.Ad-Hoc|iPhone.ActiveCfg = Debug|Any CPU
		{ADA3AF83-E255-49CC-8B50-EEA07D59CFBE}.Ad-Hoc|iPhone.Build.0 = Debug|Any CPU
		{ADA3AF83-E255-49CC-8B50-EEA07D59CFBE}.Ad-Hoc|iPhoneSimulator.ActiveCfg = Release|Any CPU
		{ADA3AF83-E255-49CC-8B50-EEA07D59CFBE}.AppStore|Any CPU.ActiveCfg = Release|Any CPU
		{ADA3AF83-E255-49CC-8B50-EEA07D59CFBE}.AppStore|iPhone.ActiveCfg = Debug|Any CPU
		{ADA3AF83-E255-49CC-8B50-EEA07D59CFBE}.AppStore|iPhone.Build.0 = Debug|Any CPU
		{ADA3AF83-E255-49CC-8B50-EEA07D59CFBE}.AppStore|iPhoneSimulator.ActiveCfg = Release|Any CPU
		{ADA3AF83-E255-49CC-8B50-EEA07D59CFBE}.Debug|Any CPU.ActiveCfg = Debug|Any CPU
		{ADA3AF83-E255-49CC-8B50-EEA07D59CFBE}.Debug|Any CPU.Build.0 = Debug|Any CPU
		{ADA3AF83-E255-49CC-8B50-EEA07D59CFBE}.Debug|iPhone.ActiveCfg = Debug|Any CPU
		{ADA3AF83-E255-49CC-8B50-EEA07D59CFBE}.Debug|iPhone.Build.0 = Debug|Any CPU
		{ADA3AF83-E255-49CC-8B50-EEA07D59CFBE}.Debug|iPhoneSimulator.ActiveCfg = Debug|Any CPU
		{ADA3AF83-E255-49CC-8B50-EEA07D59CFBE}.Debug|iPhoneSimulator.Build.0 = Debug|Any CPU
		{ADA3AF83-E255-49CC-8B50-EEA07D59CFBE}.Release|Any CPU.ActiveCfg = Release|Any CPU
		{ADA3AF83-E255-49CC-8B50-EEA07D59CFBE}.Release|Any CPU.Build.0 = Release|Any CPU
		{ADA3AF83-E255-49CC-8B50-EEA07D59CFBE}.Release|iPhone.ActiveCfg = Release|Any CPU
		{ADA3AF83-E255-49CC-8B50-EEA07D59CFBE}.Release|iPhone.Build.0 = Release|Any CPU
		{ADA3AF83-E255-49CC-8B50-EEA07D59CFBE}.Release|iPhoneSimulator.ActiveCfg = Release|Any CPU
		{ADA3AF83-E255-49CC-8B50-EEA07D59CFBE}.Release|iPhoneSimulator.Build.0 = Release|Any CPU
		{C36B3EC5-7345-48EE-B190-3435018E4133}.Ad-Hoc|Any CPU.ActiveCfg = Release|Any CPU
		{C36B3EC5-7345-48EE-B190-3435018E4133}.Ad-Hoc|iPhone.ActiveCfg = Debug|Any CPU
		{C36B3EC5-7345-48EE-B190-3435018E4133}.Ad-Hoc|iPhone.Build.0 = Debug|Any CPU
		{C36B3EC5-7345-48EE-B190-3435018E4133}.Ad-Hoc|iPhoneSimulator.ActiveCfg = Release|Any CPU
		{C36B3EC5-7345-48EE-B190-3435018E4133}.AppStore|Any CPU.ActiveCfg = Release|Any CPU
		{C36B3EC5-7345-48EE-B190-3435018E4133}.AppStore|iPhone.ActiveCfg = Debug|Any CPU
		{C36B3EC5-7345-48EE-B190-3435018E4133}.AppStore|iPhone.Build.0 = Debug|Any CPU
		{C36B3EC5-7345-48EE-B190-3435018E4133}.AppStore|iPhoneSimulator.ActiveCfg = Release|Any CPU
		{C36B3EC5-7345-48EE-B190-3435018E4133}.Debug|Any CPU.ActiveCfg = Debug|Any CPU
		{C36B3EC5-7345-48EE-B190-3435018E4133}.Debug|Any CPU.Build.0 = Debug|Any CPU
		{C36B3EC5-7345-48EE-B190-3435018E4133}.Debug|iPhone.ActiveCfg = Debug|Any CPU
		{C36B3EC5-7345-48EE-B190-3435018E4133}.Debug|iPhone.Build.0 = Debug|Any CPU
		{C36B3EC5-7345-48EE-B190-3435018E4133}.Debug|iPhoneSimulator.ActiveCfg = Debug|Any CPU
		{C36B3EC5-7345-48EE-B190-3435018E4133}.Debug|iPhoneSimulator.Build.0 = Debug|Any CPU
		{C36B3EC5-7345-48EE-B190-3435018E4133}.Release|Any CPU.ActiveCfg = Release|Any CPU
		{C36B3EC5-7345-48EE-B190-3435018E4133}.Release|Any CPU.Build.0 = Release|Any CPU
		{C36B3EC5-7345-48EE-B190-3435018E4133}.Release|iPhone.ActiveCfg = Release|Any CPU
		{C36B3EC5-7345-48EE-B190-3435018E4133}.Release|iPhone.Build.0 = Release|Any CPU
		{C36B3EC5-7345-48EE-B190-3435018E4133}.Release|iPhoneSimulator.ActiveCfg = Release|Any CPU
		{C36B3EC5-7345-48EE-B190-3435018E4133}.Release|iPhoneSimulator.Build.0 = Release|Any CPU
		{1D3B2884-AF92-4434-9C27-10F96D8B268B}.Ad-Hoc|Any CPU.ActiveCfg = Release|Any CPU
		{1D3B2884-AF92-4434-9C27-10F96D8B268B}.Ad-Hoc|iPhone.ActiveCfg = Debug|Any CPU
		{1D3B2884-AF92-4434-9C27-10F96D8B268B}.Ad-Hoc|iPhone.Build.0 = Debug|Any CPU
		{1D3B2884-AF92-4434-9C27-10F96D8B268B}.Ad-Hoc|iPhoneSimulator.ActiveCfg = Release|Any CPU
		{1D3B2884-AF92-4434-9C27-10F96D8B268B}.AppStore|Any CPU.ActiveCfg = Release|Any CPU
		{1D3B2884-AF92-4434-9C27-10F96D8B268B}.AppStore|iPhone.ActiveCfg = Debug|Any CPU
		{1D3B2884-AF92-4434-9C27-10F96D8B268B}.AppStore|iPhone.Build.0 = Debug|Any CPU
		{1D3B2884-AF92-4434-9C27-10F96D8B268B}.AppStore|iPhoneSimulator.ActiveCfg = Release|Any CPU
		{1D3B2884-AF92-4434-9C27-10F96D8B268B}.Debug|Any CPU.ActiveCfg = Debug|Any CPU
		{1D3B2884-AF92-4434-9C27-10F96D8B268B}.Debug|Any CPU.Build.0 = Debug|Any CPU
		{1D3B2884-AF92-4434-9C27-10F96D8B268B}.Debug|iPhone.ActiveCfg = Debug|Any CPU
		{1D3B2884-AF92-4434-9C27-10F96D8B268B}.Debug|iPhone.Build.0 = Debug|Any CPU
		{1D3B2884-AF92-4434-9C27-10F96D8B268B}.Debug|iPhoneSimulator.ActiveCfg = Debug|Any CPU
		{1D3B2884-AF92-4434-9C27-10F96D8B268B}.Debug|iPhoneSimulator.Build.0 = Debug|Any CPU
		{1D3B2884-AF92-4434-9C27-10F96D8B268B}.Release|Any CPU.ActiveCfg = Release|Any CPU
		{1D3B2884-AF92-4434-9C27-10F96D8B268B}.Release|Any CPU.Build.0 = Release|Any CPU
		{1D3B2884-AF92-4434-9C27-10F96D8B268B}.Release|iPhone.ActiveCfg = Release|Any CPU
		{1D3B2884-AF92-4434-9C27-10F96D8B268B}.Release|iPhone.Build.0 = Release|Any CPU
		{1D3B2884-AF92-4434-9C27-10F96D8B268B}.Release|iPhoneSimulator.ActiveCfg = Release|Any CPU
		{1D3B2884-AF92-4434-9C27-10F96D8B268B}.Release|iPhoneSimulator.Build.0 = Release|Any CPU
		{0F7689DC-4641-410E-88A3-54A846A5D4CE}.Ad-Hoc|Any CPU.ActiveCfg = Release|Any CPU
		{0F7689DC-4641-410E-88A3-54A846A5D4CE}.Ad-Hoc|iPhone.ActiveCfg = Debug|Any CPU
		{0F7689DC-4641-410E-88A3-54A846A5D4CE}.Ad-Hoc|iPhone.Build.0 = Debug|Any CPU
		{0F7689DC-4641-410E-88A3-54A846A5D4CE}.Ad-Hoc|iPhoneSimulator.ActiveCfg = Release|Any CPU
		{0F7689DC-4641-410E-88A3-54A846A5D4CE}.AppStore|Any CPU.ActiveCfg = Release|Any CPU
		{0F7689DC-4641-410E-88A3-54A846A5D4CE}.AppStore|iPhone.ActiveCfg = Debug|Any CPU
		{0F7689DC-4641-410E-88A3-54A846A5D4CE}.AppStore|iPhone.Build.0 = Debug|Any CPU
		{0F7689DC-4641-410E-88A3-54A846A5D4CE}.AppStore|iPhoneSimulator.ActiveCfg = Release|Any CPU
		{0F7689DC-4641-410E-88A3-54A846A5D4CE}.Debug|Any CPU.ActiveCfg = Debug|Any CPU
		{0F7689DC-4641-410E-88A3-54A846A5D4CE}.Debug|Any CPU.Build.0 = Debug|Any CPU
		{0F7689DC-4641-410E-88A3-54A846A5D4CE}.Debug|iPhone.ActiveCfg = Debug|Any CPU
		{0F7689DC-4641-410E-88A3-54A846A5D4CE}.Debug|iPhone.Build.0 = Debug|Any CPU
		{0F7689DC-4641-410E-88A3-54A846A5D4CE}.Debug|iPhoneSimulator.ActiveCfg = Debug|Any CPU
		{0F7689DC-4641-410E-88A3-54A846A5D4CE}.Debug|iPhoneSimulator.Build.0 = Debug|Any CPU
		{0F7689DC-4641-410E-88A3-54A846A5D4CE}.Release|Any CPU.ActiveCfg = Release|Any CPU
		{0F7689DC-4641-410E-88A3-54A846A5D4CE}.Release|Any CPU.Build.0 = Release|Any CPU
		{0F7689DC-4641-410E-88A3-54A846A5D4CE}.Release|iPhone.ActiveCfg = Release|Any CPU
		{0F7689DC-4641-410E-88A3-54A846A5D4CE}.Release|iPhone.Build.0 = Release|Any CPU
		{0F7689DC-4641-410E-88A3-54A846A5D4CE}.Release|iPhoneSimulator.ActiveCfg = Release|Any CPU
		{0F7689DC-4641-410E-88A3-54A846A5D4CE}.Release|iPhoneSimulator.Build.0 = Release|Any CPU
		{447DD619-4808-4F6A-8D56-D8FAB9E585FD}.Ad-Hoc|Any CPU.ActiveCfg = Release|Any CPU
		{447DD619-4808-4F6A-8D56-D8FAB9E585FD}.Ad-Hoc|iPhone.ActiveCfg = Debug|Any CPU
		{447DD619-4808-4F6A-8D56-D8FAB9E585FD}.Ad-Hoc|iPhone.Build.0 = Debug|Any CPU
		{447DD619-4808-4F6A-8D56-D8FAB9E585FD}.Ad-Hoc|iPhoneSimulator.ActiveCfg = Release|Any CPU
		{447DD619-4808-4F6A-8D56-D8FAB9E585FD}.AppStore|Any CPU.ActiveCfg = Release|Any CPU
		{447DD619-4808-4F6A-8D56-D8FAB9E585FD}.AppStore|iPhone.ActiveCfg = Debug|Any CPU
		{447DD619-4808-4F6A-8D56-D8FAB9E585FD}.AppStore|iPhone.Build.0 = Debug|Any CPU
		{447DD619-4808-4F6A-8D56-D8FAB9E585FD}.AppStore|iPhoneSimulator.ActiveCfg = Release|Any CPU
		{447DD619-4808-4F6A-8D56-D8FAB9E585FD}.Debug|Any CPU.ActiveCfg = Debug|Any CPU
		{447DD619-4808-4F6A-8D56-D8FAB9E585FD}.Debug|Any CPU.Build.0 = Debug|Any CPU
		{447DD619-4808-4F6A-8D56-D8FAB9E585FD}.Debug|iPhone.ActiveCfg = Debug|Any CPU
		{447DD619-4808-4F6A-8D56-D8FAB9E585FD}.Debug|iPhone.Build.0 = Debug|Any CPU
		{447DD619-4808-4F6A-8D56-D8FAB9E585FD}.Debug|iPhoneSimulator.ActiveCfg = Debug|Any CPU
		{447DD619-4808-4F6A-8D56-D8FAB9E585FD}.Debug|iPhoneSimulator.Build.0 = Debug|Any CPU
		{447DD619-4808-4F6A-8D56-D8FAB9E585FD}.Release|Any CPU.ActiveCfg = Release|Any CPU
		{447DD619-4808-4F6A-8D56-D8FAB9E585FD}.Release|Any CPU.Build.0 = Release|Any CPU
		{447DD619-4808-4F6A-8D56-D8FAB9E585FD}.Release|iPhone.ActiveCfg = Release|Any CPU
		{447DD619-4808-4F6A-8D56-D8FAB9E585FD}.Release|iPhone.Build.0 = Release|Any CPU
		{447DD619-4808-4F6A-8D56-D8FAB9E585FD}.Release|iPhoneSimulator.ActiveCfg = Release|Any CPU
		{447DD619-4808-4F6A-8D56-D8FAB9E585FD}.Release|iPhoneSimulator.Build.0 = Release|Any CPU
		{30171CAA-9C6B-46A0-AC96-032DA5CC9A7E}.Ad-Hoc|Any CPU.ActiveCfg = Release|Any CPU
		{30171CAA-9C6B-46A0-AC96-032DA5CC9A7E}.Ad-Hoc|iPhone.ActiveCfg = Debug|Any CPU
		{30171CAA-9C6B-46A0-AC96-032DA5CC9A7E}.Ad-Hoc|iPhone.Build.0 = Debug|Any CPU
		{30171CAA-9C6B-46A0-AC96-032DA5CC9A7E}.Ad-Hoc|iPhoneSimulator.ActiveCfg = Release|Any CPU
		{30171CAA-9C6B-46A0-AC96-032DA5CC9A7E}.AppStore|Any CPU.ActiveCfg = Release|Any CPU
		{30171CAA-9C6B-46A0-AC96-032DA5CC9A7E}.AppStore|iPhone.ActiveCfg = Debug|Any CPU
		{30171CAA-9C6B-46A0-AC96-032DA5CC9A7E}.AppStore|iPhone.Build.0 = Debug|Any CPU
		{30171CAA-9C6B-46A0-AC96-032DA5CC9A7E}.AppStore|iPhoneSimulator.ActiveCfg = Release|Any CPU
		{30171CAA-9C6B-46A0-AC96-032DA5CC9A7E}.Debug|Any CPU.ActiveCfg = Debug|Any CPU
		{30171CAA-9C6B-46A0-AC96-032DA5CC9A7E}.Debug|Any CPU.Build.0 = Debug|Any CPU
		{30171CAA-9C6B-46A0-AC96-032DA5CC9A7E}.Debug|iPhone.ActiveCfg = Debug|Any CPU
		{30171CAA-9C6B-46A0-AC96-032DA5CC9A7E}.Debug|iPhone.Build.0 = Debug|Any CPU
		{30171CAA-9C6B-46A0-AC96-032DA5CC9A7E}.Debug|iPhoneSimulator.ActiveCfg = Debug|Any CPU
		{30171CAA-9C6B-46A0-AC96-032DA5CC9A7E}.Debug|iPhoneSimulator.Build.0 = Debug|Any CPU
		{30171CAA-9C6B-46A0-AC96-032DA5CC9A7E}.Release|Any CPU.ActiveCfg = Release|Any CPU
		{30171CAA-9C6B-46A0-AC96-032DA5CC9A7E}.Release|Any CPU.Build.0 = Release|Any CPU
		{30171CAA-9C6B-46A0-AC96-032DA5CC9A7E}.Release|iPhone.ActiveCfg = Release|Any CPU
		{30171CAA-9C6B-46A0-AC96-032DA5CC9A7E}.Release|iPhone.Build.0 = Release|Any CPU
		{30171CAA-9C6B-46A0-AC96-032DA5CC9A7E}.Release|iPhoneSimulator.ActiveCfg = Release|Any CPU
		{30171CAA-9C6B-46A0-AC96-032DA5CC9A7E}.Release|iPhoneSimulator.Build.0 = Release|Any CPU
		{F6E8DD09-73E4-4FC0-9166-C6A3FBA1EDE1}.Ad-Hoc|Any CPU.ActiveCfg = Release|Any CPU
		{F6E8DD09-73E4-4FC0-9166-C6A3FBA1EDE1}.Ad-Hoc|iPhone.ActiveCfg = Debug|Any CPU
		{F6E8DD09-73E4-4FC0-9166-C6A3FBA1EDE1}.Ad-Hoc|iPhone.Build.0 = Debug|Any CPU
		{F6E8DD09-73E4-4FC0-9166-C6A3FBA1EDE1}.Ad-Hoc|iPhoneSimulator.ActiveCfg = Release|Any CPU
		{F6E8DD09-73E4-4FC0-9166-C6A3FBA1EDE1}.AppStore|Any CPU.ActiveCfg = Release|Any CPU
		{F6E8DD09-73E4-4FC0-9166-C6A3FBA1EDE1}.AppStore|iPhone.ActiveCfg = Debug|Any CPU
		{F6E8DD09-73E4-4FC0-9166-C6A3FBA1EDE1}.AppStore|iPhone.Build.0 = Debug|Any CPU
		{F6E8DD09-73E4-4FC0-9166-C6A3FBA1EDE1}.AppStore|iPhoneSimulator.ActiveCfg = Release|Any CPU
		{F6E8DD09-73E4-4FC0-9166-C6A3FBA1EDE1}.Debug|Any CPU.ActiveCfg = Debug|Any CPU
		{F6E8DD09-73E4-4FC0-9166-C6A3FBA1EDE1}.Debug|Any CPU.Build.0 = Debug|Any CPU
		{F6E8DD09-73E4-4FC0-9166-C6A3FBA1EDE1}.Debug|iPhone.ActiveCfg = Debug|Any CPU
		{F6E8DD09-73E4-4FC0-9166-C6A3FBA1EDE1}.Debug|iPhone.Build.0 = Debug|Any CPU
		{F6E8DD09-73E4-4FC0-9166-C6A3FBA1EDE1}.Debug|iPhoneSimulator.ActiveCfg = Debug|Any CPU
		{F6E8DD09-73E4-4FC0-9166-C6A3FBA1EDE1}.Debug|iPhoneSimulator.Build.0 = Debug|Any CPU
		{F6E8DD09-73E4-4FC0-9166-C6A3FBA1EDE1}.Release|Any CPU.ActiveCfg = Release|Any CPU
		{F6E8DD09-73E4-4FC0-9166-C6A3FBA1EDE1}.Release|Any CPU.Build.0 = Release|Any CPU
		{F6E8DD09-73E4-4FC0-9166-C6A3FBA1EDE1}.Release|iPhone.ActiveCfg = Release|Any CPU
		{F6E8DD09-73E4-4FC0-9166-C6A3FBA1EDE1}.Release|iPhone.Build.0 = Release|Any CPU
		{F6E8DD09-73E4-4FC0-9166-C6A3FBA1EDE1}.Release|iPhoneSimulator.ActiveCfg = Release|Any CPU
		{F6E8DD09-73E4-4FC0-9166-C6A3FBA1EDE1}.Release|iPhoneSimulator.Build.0 = Release|Any CPU
		{02BBB9ED-BCE1-4CA1-8DEB-31C6BAACF275}.Ad-Hoc|Any CPU.ActiveCfg = Release|Any CPU
		{02BBB9ED-BCE1-4CA1-8DEB-31C6BAACF275}.Ad-Hoc|iPhone.ActiveCfg = Debug|Any CPU
		{02BBB9ED-BCE1-4CA1-8DEB-31C6BAACF275}.Ad-Hoc|iPhone.Build.0 = Debug|Any CPU
		{02BBB9ED-BCE1-4CA1-8DEB-31C6BAACF275}.Ad-Hoc|iPhoneSimulator.ActiveCfg = Release|Any CPU
		{02BBB9ED-BCE1-4CA1-8DEB-31C6BAACF275}.AppStore|Any CPU.ActiveCfg = Release|Any CPU
		{02BBB9ED-BCE1-4CA1-8DEB-31C6BAACF275}.AppStore|iPhone.ActiveCfg = Debug|Any CPU
		{02BBB9ED-BCE1-4CA1-8DEB-31C6BAACF275}.AppStore|iPhone.Build.0 = Debug|Any CPU
		{02BBB9ED-BCE1-4CA1-8DEB-31C6BAACF275}.AppStore|iPhoneSimulator.ActiveCfg = Release|Any CPU
		{02BBB9ED-BCE1-4CA1-8DEB-31C6BAACF275}.Debug|Any CPU.ActiveCfg = Debug|Any CPU
		{02BBB9ED-BCE1-4CA1-8DEB-31C6BAACF275}.Debug|Any CPU.Build.0 = Debug|Any CPU
		{02BBB9ED-BCE1-4CA1-8DEB-31C6BAACF275}.Debug|iPhone.ActiveCfg = Debug|Any CPU
		{02BBB9ED-BCE1-4CA1-8DEB-31C6BAACF275}.Debug|iPhone.Build.0 = Debug|Any CPU
		{02BBB9ED-BCE1-4CA1-8DEB-31C6BAACF275}.Debug|iPhoneSimulator.ActiveCfg = Debug|Any CPU
		{02BBB9ED-BCE1-4CA1-8DEB-31C6BAACF275}.Debug|iPhoneSimulator.Build.0 = Debug|Any CPU
		{02BBB9ED-BCE1-4CA1-8DEB-31C6BAACF275}.Release|Any CPU.ActiveCfg = Release|Any CPU
		{02BBB9ED-BCE1-4CA1-8DEB-31C6BAACF275}.Release|Any CPU.Build.0 = Release|Any CPU
		{02BBB9ED-BCE1-4CA1-8DEB-31C6BAACF275}.Release|iPhone.ActiveCfg = Release|Any CPU
		{02BBB9ED-BCE1-4CA1-8DEB-31C6BAACF275}.Release|iPhone.Build.0 = Release|Any CPU
		{02BBB9ED-BCE1-4CA1-8DEB-31C6BAACF275}.Release|iPhoneSimulator.ActiveCfg = Release|Any CPU
		{02BBB9ED-BCE1-4CA1-8DEB-31C6BAACF275}.Release|iPhoneSimulator.Build.0 = Release|Any CPU
		{F248B904-4096-457E-854E-FC92FE394CED}.Ad-Hoc|Any CPU.ActiveCfg = Release|Any CPU
		{F248B904-4096-457E-854E-FC92FE394CED}.Ad-Hoc|iPhone.ActiveCfg = Debug|Any CPU
		{F248B904-4096-457E-854E-FC92FE394CED}.Ad-Hoc|iPhone.Build.0 = Debug|Any CPU
		{F248B904-4096-457E-854E-FC92FE394CED}.Ad-Hoc|iPhoneSimulator.ActiveCfg = Release|Any CPU
		{F248B904-4096-457E-854E-FC92FE394CED}.AppStore|Any CPU.ActiveCfg = Release|Any CPU
		{F248B904-4096-457E-854E-FC92FE394CED}.AppStore|iPhone.ActiveCfg = Debug|Any CPU
		{F248B904-4096-457E-854E-FC92FE394CED}.AppStore|iPhone.Build.0 = Debug|Any CPU
		{F248B904-4096-457E-854E-FC92FE394CED}.AppStore|iPhoneSimulator.ActiveCfg = Release|Any CPU
		{F248B904-4096-457E-854E-FC92FE394CED}.Debug|Any CPU.ActiveCfg = Debug|Any CPU
		{F248B904-4096-457E-854E-FC92FE394CED}.Debug|Any CPU.Build.0 = Debug|Any CPU
		{F248B904-4096-457E-854E-FC92FE394CED}.Debug|iPhone.ActiveCfg = Debug|Any CPU
		{F248B904-4096-457E-854E-FC92FE394CED}.Debug|iPhone.Build.0 = Debug|Any CPU
		{F248B904-4096-457E-854E-FC92FE394CED}.Debug|iPhoneSimulator.ActiveCfg = Debug|Any CPU
		{F248B904-4096-457E-854E-FC92FE394CED}.Debug|iPhoneSimulator.Build.0 = Debug|Any CPU
		{F248B904-4096-457E-854E-FC92FE394CED}.Release|Any CPU.ActiveCfg = Release|Any CPU
		{F248B904-4096-457E-854E-FC92FE394CED}.Release|Any CPU.Build.0 = Release|Any CPU
		{F248B904-4096-457E-854E-FC92FE394CED}.Release|iPhone.ActiveCfg = Release|Any CPU
		{F248B904-4096-457E-854E-FC92FE394CED}.Release|iPhone.Build.0 = Release|Any CPU
		{F248B904-4096-457E-854E-FC92FE394CED}.Release|iPhoneSimulator.ActiveCfg = Release|Any CPU
		{F248B904-4096-457E-854E-FC92FE394CED}.Release|iPhoneSimulator.Build.0 = Release|Any CPU
		{FF1137B1-87B1-426D-AB9A-D70364210419}.Ad-Hoc|Any CPU.ActiveCfg = Release|Any CPU
		{FF1137B1-87B1-426D-AB9A-D70364210419}.Ad-Hoc|iPhone.ActiveCfg = Debug|Any CPU
		{FF1137B1-87B1-426D-AB9A-D70364210419}.Ad-Hoc|iPhone.Build.0 = Debug|Any CPU
		{FF1137B1-87B1-426D-AB9A-D70364210419}.Ad-Hoc|iPhoneSimulator.ActiveCfg = Release|Any CPU
		{FF1137B1-87B1-426D-AB9A-D70364210419}.AppStore|Any CPU.ActiveCfg = Release|Any CPU
		{FF1137B1-87B1-426D-AB9A-D70364210419}.AppStore|iPhone.ActiveCfg = Debug|Any CPU
		{FF1137B1-87B1-426D-AB9A-D70364210419}.AppStore|iPhone.Build.0 = Debug|Any CPU
		{FF1137B1-87B1-426D-AB9A-D70364210419}.AppStore|iPhoneSimulator.ActiveCfg = Release|Any CPU
		{FF1137B1-87B1-426D-AB9A-D70364210419}.Debug|Any CPU.ActiveCfg = Debug|Any CPU
		{FF1137B1-87B1-426D-AB9A-D70364210419}.Debug|Any CPU.Build.0 = Debug|Any CPU
		{FF1137B1-87B1-426D-AB9A-D70364210419}.Debug|iPhone.ActiveCfg = Debug|Any CPU
		{FF1137B1-87B1-426D-AB9A-D70364210419}.Debug|iPhone.Build.0 = Debug|Any CPU
		{FF1137B1-87B1-426D-AB9A-D70364210419}.Debug|iPhoneSimulator.ActiveCfg = Debug|Any CPU
		{FF1137B1-87B1-426D-AB9A-D70364210419}.Debug|iPhoneSimulator.Build.0 = Debug|Any CPU
		{FF1137B1-87B1-426D-AB9A-D70364210419}.Release|Any CPU.ActiveCfg = Release|Any CPU
		{FF1137B1-87B1-426D-AB9A-D70364210419}.Release|Any CPU.Build.0 = Release|Any CPU
		{FF1137B1-87B1-426D-AB9A-D70364210419}.Release|iPhone.ActiveCfg = Release|Any CPU
		{FF1137B1-87B1-426D-AB9A-D70364210419}.Release|iPhone.Build.0 = Release|Any CPU
		{FF1137B1-87B1-426D-AB9A-D70364210419}.Release|iPhoneSimulator.ActiveCfg = Release|Any CPU
		{FF1137B1-87B1-426D-AB9A-D70364210419}.Release|iPhoneSimulator.Build.0 = Release|Any CPU
		{B41D3977-0F25-43E7-89A4-726F5B283B30}.Ad-Hoc|Any CPU.ActiveCfg = Release|Any CPU
		{B41D3977-0F25-43E7-89A4-726F5B283B30}.Ad-Hoc|iPhone.ActiveCfg = Debug|Any CPU
		{B41D3977-0F25-43E7-89A4-726F5B283B30}.Ad-Hoc|iPhone.Build.0 = Debug|Any CPU
		{B41D3977-0F25-43E7-89A4-726F5B283B30}.Ad-Hoc|iPhoneSimulator.ActiveCfg = Release|Any CPU
		{B41D3977-0F25-43E7-89A4-726F5B283B30}.AppStore|Any CPU.ActiveCfg = Release|Any CPU
		{B41D3977-0F25-43E7-89A4-726F5B283B30}.AppStore|iPhone.ActiveCfg = Debug|Any CPU
		{B41D3977-0F25-43E7-89A4-726F5B283B30}.AppStore|iPhone.Build.0 = Debug|Any CPU
		{B41D3977-0F25-43E7-89A4-726F5B283B30}.AppStore|iPhoneSimulator.ActiveCfg = Release|Any CPU
		{B41D3977-0F25-43E7-89A4-726F5B283B30}.Debug|Any CPU.ActiveCfg = Debug|Any CPU
		{B41D3977-0F25-43E7-89A4-726F5B283B30}.Debug|Any CPU.Build.0 = Debug|Any CPU
		{B41D3977-0F25-43E7-89A4-726F5B283B30}.Debug|iPhone.ActiveCfg = Debug|Any CPU
		{B41D3977-0F25-43E7-89A4-726F5B283B30}.Debug|iPhone.Build.0 = Debug|Any CPU
		{B41D3977-0F25-43E7-89A4-726F5B283B30}.Debug|iPhoneSimulator.ActiveCfg = Debug|Any CPU
		{B41D3977-0F25-43E7-89A4-726F5B283B30}.Debug|iPhoneSimulator.Build.0 = Debug|Any CPU
		{B41D3977-0F25-43E7-89A4-726F5B283B30}.Release|Any CPU.ActiveCfg = Release|Any CPU
		{B41D3977-0F25-43E7-89A4-726F5B283B30}.Release|Any CPU.Build.0 = Release|Any CPU
		{B41D3977-0F25-43E7-89A4-726F5B283B30}.Release|iPhone.ActiveCfg = Release|Any CPU
		{B41D3977-0F25-43E7-89A4-726F5B283B30}.Release|iPhone.Build.0 = Release|Any CPU
		{B41D3977-0F25-43E7-89A4-726F5B283B30}.Release|iPhoneSimulator.ActiveCfg = Release|Any CPU
		{B41D3977-0F25-43E7-89A4-726F5B283B30}.Release|iPhoneSimulator.Build.0 = Release|Any CPU
		{FB813837-4273-46F8-90D5-92278224F889}.Ad-Hoc|Any CPU.ActiveCfg = Release|Any CPU
		{FB813837-4273-46F8-90D5-92278224F889}.Ad-Hoc|Any CPU.Build.0 = Release|Any CPU
		{FB813837-4273-46F8-90D5-92278224F889}.Ad-Hoc|iPhone.ActiveCfg = Debug|Any CPU
		{FB813837-4273-46F8-90D5-92278224F889}.Ad-Hoc|iPhone.Build.0 = Debug|Any CPU
		{FB813837-4273-46F8-90D5-92278224F889}.Ad-Hoc|iPhoneSimulator.ActiveCfg = Release|Any CPU
		{FB813837-4273-46F8-90D5-92278224F889}.Ad-Hoc|iPhoneSimulator.Build.0 = Release|Any CPU
		{FB813837-4273-46F8-90D5-92278224F889}.AppStore|Any CPU.ActiveCfg = Release|Any CPU
		{FB813837-4273-46F8-90D5-92278224F889}.AppStore|Any CPU.Build.0 = Release|Any CPU
		{FB813837-4273-46F8-90D5-92278224F889}.AppStore|iPhone.ActiveCfg = Debug|Any CPU
		{FB813837-4273-46F8-90D5-92278224F889}.AppStore|iPhone.Build.0 = Debug|Any CPU
		{FB813837-4273-46F8-90D5-92278224F889}.AppStore|iPhoneSimulator.ActiveCfg = Release|Any CPU
		{FB813837-4273-46F8-90D5-92278224F889}.AppStore|iPhoneSimulator.Build.0 = Release|Any CPU
		{FB813837-4273-46F8-90D5-92278224F889}.Debug|Any CPU.ActiveCfg = Debug|Any CPU
		{FB813837-4273-46F8-90D5-92278224F889}.Debug|Any CPU.Build.0 = Debug|Any CPU
		{FB813837-4273-46F8-90D5-92278224F889}.Debug|iPhone.ActiveCfg = Debug|Any CPU
		{FB813837-4273-46F8-90D5-92278224F889}.Debug|iPhone.Build.0 = Debug|Any CPU
		{FB813837-4273-46F8-90D5-92278224F889}.Debug|iPhoneSimulator.ActiveCfg = Debug|Any CPU
		{FB813837-4273-46F8-90D5-92278224F889}.Debug|iPhoneSimulator.Build.0 = Debug|Any CPU
		{FB813837-4273-46F8-90D5-92278224F889}.Release|Any CPU.ActiveCfg = Release|Any CPU
		{FB813837-4273-46F8-90D5-92278224F889}.Release|Any CPU.Build.0 = Release|Any CPU
		{FB813837-4273-46F8-90D5-92278224F889}.Release|iPhone.ActiveCfg = Release|Any CPU
		{FB813837-4273-46F8-90D5-92278224F889}.Release|iPhone.Build.0 = Release|Any CPU
		{FB813837-4273-46F8-90D5-92278224F889}.Release|iPhoneSimulator.ActiveCfg = Release|Any CPU
		{FB813837-4273-46F8-90D5-92278224F889}.Release|iPhoneSimulator.Build.0 = Release|Any CPU
		{67DCD2E9-C572-4A7A-82AE-2811F7C5CF17}.Ad-Hoc|Any CPU.ActiveCfg = Release|Any CPU
		{67DCD2E9-C572-4A7A-82AE-2811F7C5CF17}.Ad-Hoc|Any CPU.Build.0 = Release|Any CPU
		{67DCD2E9-C572-4A7A-82AE-2811F7C5CF17}.Ad-Hoc|iPhone.ActiveCfg = Debug|Any CPU
		{67DCD2E9-C572-4A7A-82AE-2811F7C5CF17}.Ad-Hoc|iPhone.Build.0 = Debug|Any CPU
		{67DCD2E9-C572-4A7A-82AE-2811F7C5CF17}.Ad-Hoc|iPhoneSimulator.ActiveCfg = Release|Any CPU
		{67DCD2E9-C572-4A7A-82AE-2811F7C5CF17}.Ad-Hoc|iPhoneSimulator.Build.0 = Release|Any CPU
		{67DCD2E9-C572-4A7A-82AE-2811F7C5CF17}.AppStore|Any CPU.ActiveCfg = Release|Any CPU
		{67DCD2E9-C572-4A7A-82AE-2811F7C5CF17}.AppStore|Any CPU.Build.0 = Release|Any CPU
		{67DCD2E9-C572-4A7A-82AE-2811F7C5CF17}.AppStore|iPhone.ActiveCfg = Debug|Any CPU
		{67DCD2E9-C572-4A7A-82AE-2811F7C5CF17}.AppStore|iPhone.Build.0 = Debug|Any CPU
		{67DCD2E9-C572-4A7A-82AE-2811F7C5CF17}.AppStore|iPhoneSimulator.ActiveCfg = Release|Any CPU
		{67DCD2E9-C572-4A7A-82AE-2811F7C5CF17}.AppStore|iPhoneSimulator.Build.0 = Release|Any CPU
		{67DCD2E9-C572-4A7A-82AE-2811F7C5CF17}.Debug|Any CPU.ActiveCfg = Debug|Any CPU
		{67DCD2E9-C572-4A7A-82AE-2811F7C5CF17}.Debug|Any CPU.Build.0 = Debug|Any CPU
		{67DCD2E9-C572-4A7A-82AE-2811F7C5CF17}.Debug|iPhone.ActiveCfg = Debug|Any CPU
		{67DCD2E9-C572-4A7A-82AE-2811F7C5CF17}.Debug|iPhone.Build.0 = Debug|Any CPU
		{67DCD2E9-C572-4A7A-82AE-2811F7C5CF17}.Debug|iPhoneSimulator.ActiveCfg = Debug|Any CPU
		{67DCD2E9-C572-4A7A-82AE-2811F7C5CF17}.Debug|iPhoneSimulator.Build.0 = Debug|Any CPU
		{67DCD2E9-C572-4A7A-82AE-2811F7C5CF17}.Release|Any CPU.ActiveCfg = Release|Any CPU
		{67DCD2E9-C572-4A7A-82AE-2811F7C5CF17}.Release|Any CPU.Build.0 = Release|Any CPU
		{67DCD2E9-C572-4A7A-82AE-2811F7C5CF17}.Release|iPhone.ActiveCfg = Release|Any CPU
		{67DCD2E9-C572-4A7A-82AE-2811F7C5CF17}.Release|iPhone.Build.0 = Release|Any CPU
		{67DCD2E9-C572-4A7A-82AE-2811F7C5CF17}.Release|iPhoneSimulator.ActiveCfg = Release|Any CPU
		{67DCD2E9-C572-4A7A-82AE-2811F7C5CF17}.Release|iPhoneSimulator.Build.0 = Release|Any CPU
		{804C8E0C-6747-408D-AC42-A2CAAD1B91B2}.Ad-Hoc|Any CPU.ActiveCfg = Release|Any CPU
		{804C8E0C-6747-408D-AC42-A2CAAD1B91B2}.Ad-Hoc|Any CPU.Build.0 = Release|Any CPU
		{804C8E0C-6747-408D-AC42-A2CAAD1B91B2}.Ad-Hoc|iPhone.ActiveCfg = Debug|Any CPU
		{804C8E0C-6747-408D-AC42-A2CAAD1B91B2}.Ad-Hoc|iPhone.Build.0 = Debug|Any CPU
		{804C8E0C-6747-408D-AC42-A2CAAD1B91B2}.Ad-Hoc|iPhoneSimulator.ActiveCfg = Release|Any CPU
		{804C8E0C-6747-408D-AC42-A2CAAD1B91B2}.Ad-Hoc|iPhoneSimulator.Build.0 = Release|Any CPU
		{804C8E0C-6747-408D-AC42-A2CAAD1B91B2}.AppStore|Any CPU.ActiveCfg = Release|Any CPU
		{804C8E0C-6747-408D-AC42-A2CAAD1B91B2}.AppStore|Any CPU.Build.0 = Release|Any CPU
		{804C8E0C-6747-408D-AC42-A2CAAD1B91B2}.AppStore|iPhone.ActiveCfg = Debug|Any CPU
		{804C8E0C-6747-408D-AC42-A2CAAD1B91B2}.AppStore|iPhone.Build.0 = Debug|Any CPU
		{804C8E0C-6747-408D-AC42-A2CAAD1B91B2}.AppStore|iPhoneSimulator.ActiveCfg = Release|Any CPU
		{804C8E0C-6747-408D-AC42-A2CAAD1B91B2}.AppStore|iPhoneSimulator.Build.0 = Release|Any CPU
		{804C8E0C-6747-408D-AC42-A2CAAD1B91B2}.Debug|Any CPU.ActiveCfg = Debug|Any CPU
		{804C8E0C-6747-408D-AC42-A2CAAD1B91B2}.Debug|Any CPU.Build.0 = Debug|Any CPU
		{804C8E0C-6747-408D-AC42-A2CAAD1B91B2}.Debug|iPhone.ActiveCfg = Debug|Any CPU
		{804C8E0C-6747-408D-AC42-A2CAAD1B91B2}.Debug|iPhone.Build.0 = Debug|Any CPU
		{804C8E0C-6747-408D-AC42-A2CAAD1B91B2}.Debug|iPhoneSimulator.ActiveCfg = Debug|Any CPU
		{804C8E0C-6747-408D-AC42-A2CAAD1B91B2}.Debug|iPhoneSimulator.Build.0 = Debug|Any CPU
		{804C8E0C-6747-408D-AC42-A2CAAD1B91B2}.Release|Any CPU.ActiveCfg = Release|Any CPU
		{804C8E0C-6747-408D-AC42-A2CAAD1B91B2}.Release|Any CPU.Build.0 = Release|Any CPU
		{804C8E0C-6747-408D-AC42-A2CAAD1B91B2}.Release|iPhone.ActiveCfg = Release|Any CPU
		{804C8E0C-6747-408D-AC42-A2CAAD1B91B2}.Release|iPhone.Build.0 = Release|Any CPU
		{804C8E0C-6747-408D-AC42-A2CAAD1B91B2}.Release|iPhoneSimulator.ActiveCfg = Release|Any CPU
		{804C8E0C-6747-408D-AC42-A2CAAD1B91B2}.Release|iPhoneSimulator.Build.0 = Release|Any CPU
		{7F18BDA9-9EB6-4B50-A105-7BDBD8A5D755}.Ad-Hoc|Any CPU.ActiveCfg = Release|Any CPU
		{7F18BDA9-9EB6-4B50-A105-7BDBD8A5D755}.Ad-Hoc|Any CPU.Build.0 = Release|Any CPU
		{7F18BDA9-9EB6-4B50-A105-7BDBD8A5D755}.Ad-Hoc|iPhone.ActiveCfg = Debug|Any CPU
		{7F18BDA9-9EB6-4B50-A105-7BDBD8A5D755}.Ad-Hoc|iPhone.Build.0 = Debug|Any CPU
		{7F18BDA9-9EB6-4B50-A105-7BDBD8A5D755}.Ad-Hoc|iPhoneSimulator.ActiveCfg = Release|Any CPU
		{7F18BDA9-9EB6-4B50-A105-7BDBD8A5D755}.Ad-Hoc|iPhoneSimulator.Build.0 = Release|Any CPU
		{7F18BDA9-9EB6-4B50-A105-7BDBD8A5D755}.AppStore|Any CPU.ActiveCfg = Release|Any CPU
		{7F18BDA9-9EB6-4B50-A105-7BDBD8A5D755}.AppStore|Any CPU.Build.0 = Release|Any CPU
		{7F18BDA9-9EB6-4B50-A105-7BDBD8A5D755}.AppStore|iPhone.ActiveCfg = Debug|Any CPU
		{7F18BDA9-9EB6-4B50-A105-7BDBD8A5D755}.AppStore|iPhone.Build.0 = Debug|Any CPU
		{7F18BDA9-9EB6-4B50-A105-7BDBD8A5D755}.AppStore|iPhoneSimulator.ActiveCfg = Release|Any CPU
		{7F18BDA9-9EB6-4B50-A105-7BDBD8A5D755}.AppStore|iPhoneSimulator.Build.0 = Release|Any CPU
		{7F18BDA9-9EB6-4B50-A105-7BDBD8A5D755}.Debug|Any CPU.ActiveCfg = Debug|Any CPU
		{7F18BDA9-9EB6-4B50-A105-7BDBD8A5D755}.Debug|Any CPU.Build.0 = Debug|Any CPU
		{7F18BDA9-9EB6-4B50-A105-7BDBD8A5D755}.Debug|iPhone.ActiveCfg = Debug|Any CPU
		{7F18BDA9-9EB6-4B50-A105-7BDBD8A5D755}.Debug|iPhone.Build.0 = Debug|Any CPU
		{7F18BDA9-9EB6-4B50-A105-7BDBD8A5D755}.Debug|iPhoneSimulator.ActiveCfg = Debug|Any CPU
		{7F18BDA9-9EB6-4B50-A105-7BDBD8A5D755}.Debug|iPhoneSimulator.Build.0 = Debug|Any CPU
		{7F18BDA9-9EB6-4B50-A105-7BDBD8A5D755}.Release|Any CPU.ActiveCfg = Release|Any CPU
		{7F18BDA9-9EB6-4B50-A105-7BDBD8A5D755}.Release|Any CPU.Build.0 = Release|Any CPU
		{7F18BDA9-9EB6-4B50-A105-7BDBD8A5D755}.Release|iPhone.ActiveCfg = Release|Any CPU
		{7F18BDA9-9EB6-4B50-A105-7BDBD8A5D755}.Release|iPhone.Build.0 = Release|Any CPU
		{7F18BDA9-9EB6-4B50-A105-7BDBD8A5D755}.Release|iPhoneSimulator.ActiveCfg = Release|Any CPU
		{7F18BDA9-9EB6-4B50-A105-7BDBD8A5D755}.Release|iPhoneSimulator.Build.0 = Release|Any CPU
		{B5C29309-AD2E-4EE6-8421-E0A7C09559B5}.Ad-Hoc|Any CPU.ActiveCfg = Release|Any CPU
		{B5C29309-AD2E-4EE6-8421-E0A7C09559B5}.Ad-Hoc|Any CPU.Build.0 = Release|Any CPU
		{B5C29309-AD2E-4EE6-8421-E0A7C09559B5}.Ad-Hoc|iPhone.ActiveCfg = Debug|Any CPU
		{B5C29309-AD2E-4EE6-8421-E0A7C09559B5}.Ad-Hoc|iPhone.Build.0 = Debug|Any CPU
		{B5C29309-AD2E-4EE6-8421-E0A7C09559B5}.Ad-Hoc|iPhoneSimulator.ActiveCfg = Release|Any CPU
		{B5C29309-AD2E-4EE6-8421-E0A7C09559B5}.Ad-Hoc|iPhoneSimulator.Build.0 = Release|Any CPU
		{B5C29309-AD2E-4EE6-8421-E0A7C09559B5}.AppStore|Any CPU.ActiveCfg = Release|Any CPU
		{B5C29309-AD2E-4EE6-8421-E0A7C09559B5}.AppStore|Any CPU.Build.0 = Release|Any CPU
		{B5C29309-AD2E-4EE6-8421-E0A7C09559B5}.AppStore|iPhone.ActiveCfg = Debug|Any CPU
		{B5C29309-AD2E-4EE6-8421-E0A7C09559B5}.AppStore|iPhone.Build.0 = Debug|Any CPU
		{B5C29309-AD2E-4EE6-8421-E0A7C09559B5}.AppStore|iPhoneSimulator.ActiveCfg = Release|Any CPU
		{B5C29309-AD2E-4EE6-8421-E0A7C09559B5}.AppStore|iPhoneSimulator.Build.0 = Release|Any CPU
		{B5C29309-AD2E-4EE6-8421-E0A7C09559B5}.Debug|Any CPU.ActiveCfg = Debug|Any CPU
		{B5C29309-AD2E-4EE6-8421-E0A7C09559B5}.Debug|Any CPU.Build.0 = Debug|Any CPU
		{B5C29309-AD2E-4EE6-8421-E0A7C09559B5}.Debug|iPhone.ActiveCfg = Debug|Any CPU
		{B5C29309-AD2E-4EE6-8421-E0A7C09559B5}.Debug|iPhone.Build.0 = Debug|Any CPU
		{B5C29309-AD2E-4EE6-8421-E0A7C09559B5}.Debug|iPhoneSimulator.ActiveCfg = Debug|Any CPU
		{B5C29309-AD2E-4EE6-8421-E0A7C09559B5}.Debug|iPhoneSimulator.Build.0 = Debug|Any CPU
		{B5C29309-AD2E-4EE6-8421-E0A7C09559B5}.Release|Any CPU.ActiveCfg = Release|Any CPU
		{B5C29309-AD2E-4EE6-8421-E0A7C09559B5}.Release|Any CPU.Build.0 = Release|Any CPU
		{B5C29309-AD2E-4EE6-8421-E0A7C09559B5}.Release|iPhone.ActiveCfg = Release|Any CPU
		{B5C29309-AD2E-4EE6-8421-E0A7C09559B5}.Release|iPhone.Build.0 = Release|Any CPU
		{B5C29309-AD2E-4EE6-8421-E0A7C09559B5}.Release|iPhoneSimulator.ActiveCfg = Release|Any CPU
		{B5C29309-AD2E-4EE6-8421-E0A7C09559B5}.Release|iPhoneSimulator.Build.0 = Release|Any CPU
		{23BA2A00-C5CE-4D79-B219-8FCFC0E63A9C}.Ad-Hoc|Any CPU.ActiveCfg = Release|Any CPU
		{23BA2A00-C5CE-4D79-B219-8FCFC0E63A9C}.Ad-Hoc|iPhone.ActiveCfg = Debug|Any CPU
		{23BA2A00-C5CE-4D79-B219-8FCFC0E63A9C}.Ad-Hoc|iPhone.Build.0 = Debug|Any CPU
		{23BA2A00-C5CE-4D79-B219-8FCFC0E63A9C}.Ad-Hoc|iPhoneSimulator.ActiveCfg = Release|Any CPU
		{23BA2A00-C5CE-4D79-B219-8FCFC0E63A9C}.AppStore|Any CPU.ActiveCfg = Release|Any CPU
		{23BA2A00-C5CE-4D79-B219-8FCFC0E63A9C}.AppStore|iPhone.ActiveCfg = Debug|Any CPU
		{23BA2A00-C5CE-4D79-B219-8FCFC0E63A9C}.AppStore|iPhone.Build.0 = Debug|Any CPU
		{23BA2A00-C5CE-4D79-B219-8FCFC0E63A9C}.AppStore|iPhoneSimulator.ActiveCfg = Release|Any CPU
		{23BA2A00-C5CE-4D79-B219-8FCFC0E63A9C}.Debug|Any CPU.ActiveCfg = Debug|Any CPU
		{23BA2A00-C5CE-4D79-B219-8FCFC0E63A9C}.Debug|Any CPU.Build.0 = Debug|Any CPU
		{23BA2A00-C5CE-4D79-B219-8FCFC0E63A9C}.Debug|iPhone.ActiveCfg = Debug|Any CPU
		{23BA2A00-C5CE-4D79-B219-8FCFC0E63A9C}.Debug|iPhone.Build.0 = Debug|Any CPU
		{23BA2A00-C5CE-4D79-B219-8FCFC0E63A9C}.Debug|iPhoneSimulator.ActiveCfg = Debug|Any CPU
		{23BA2A00-C5CE-4D79-B219-8FCFC0E63A9C}.Debug|iPhoneSimulator.Build.0 = Debug|Any CPU
		{23BA2A00-C5CE-4D79-B219-8FCFC0E63A9C}.Release|Any CPU.ActiveCfg = Release|Any CPU
		{23BA2A00-C5CE-4D79-B219-8FCFC0E63A9C}.Release|Any CPU.Build.0 = Release|Any CPU
		{23BA2A00-C5CE-4D79-B219-8FCFC0E63A9C}.Release|iPhone.ActiveCfg = Release|Any CPU
		{23BA2A00-C5CE-4D79-B219-8FCFC0E63A9C}.Release|iPhone.Build.0 = Release|Any CPU
		{23BA2A00-C5CE-4D79-B219-8FCFC0E63A9C}.Release|iPhoneSimulator.ActiveCfg = Release|Any CPU
		{23BA2A00-C5CE-4D79-B219-8FCFC0E63A9C}.Release|iPhoneSimulator.Build.0 = Release|Any CPU
		{B623F569-A7BF-445C-9882-5AE052597F2B}.Ad-Hoc|Any CPU.ActiveCfg = Ad-Hoc|iPhone
		{B623F569-A7BF-445C-9882-5AE052597F2B}.Ad-Hoc|iPhone.ActiveCfg = Ad-Hoc|iPhone
		{B623F569-A7BF-445C-9882-5AE052597F2B}.Ad-Hoc|iPhone.Build.0 = Ad-Hoc|iPhone
		{B623F569-A7BF-445C-9882-5AE052597F2B}.Ad-Hoc|iPhoneSimulator.ActiveCfg = Ad-Hoc|iPhone
		{B623F569-A7BF-445C-9882-5AE052597F2B}.AppStore|Any CPU.ActiveCfg = AppStore|iPhone
		{B623F569-A7BF-445C-9882-5AE052597F2B}.AppStore|iPhone.ActiveCfg = AppStore|iPhone
		{B623F569-A7BF-445C-9882-5AE052597F2B}.AppStore|iPhone.Build.0 = AppStore|iPhone
		{B623F569-A7BF-445C-9882-5AE052597F2B}.AppStore|iPhoneSimulator.ActiveCfg = AppStore|iPhone
		{B623F569-A7BF-445C-9882-5AE052597F2B}.Debug|Any CPU.ActiveCfg = Debug|iPhoneSimulator
		{B623F569-A7BF-445C-9882-5AE052597F2B}.Debug|Any CPU.Build.0 = Debug|iPhoneSimulator
		{B623F569-A7BF-445C-9882-5AE052597F2B}.Debug|iPhone.ActiveCfg = Debug|iPhone
		{B623F569-A7BF-445C-9882-5AE052597F2B}.Debug|iPhone.Build.0 = Debug|iPhone
		{B623F569-A7BF-445C-9882-5AE052597F2B}.Debug|iPhoneSimulator.ActiveCfg = Debug|iPhoneSimulator
		{B623F569-A7BF-445C-9882-5AE052597F2B}.Debug|iPhoneSimulator.Build.0 = Debug|iPhoneSimulator
		{B623F569-A7BF-445C-9882-5AE052597F2B}.Release|Any CPU.ActiveCfg = Release|iPhoneSimulator
		{B623F569-A7BF-445C-9882-5AE052597F2B}.Release|Any CPU.Build.0 = Release|iPhoneSimulator
		{B623F569-A7BF-445C-9882-5AE052597F2B}.Release|iPhone.ActiveCfg = Release|iPhone
		{B623F569-A7BF-445C-9882-5AE052597F2B}.Release|iPhone.Build.0 = Release|iPhone
		{B623F569-A7BF-445C-9882-5AE052597F2B}.Release|iPhoneSimulator.ActiveCfg = Release|iPhoneSimulator
		{B623F569-A7BF-445C-9882-5AE052597F2B}.Release|iPhoneSimulator.Build.0 = Release|iPhoneSimulator
		{3DAC30E9-1342-431B-A383-BADF774096A8}.Ad-Hoc|Any CPU.ActiveCfg = Release|Any CPU
		{3DAC30E9-1342-431B-A383-BADF774096A8}.Ad-Hoc|iPhone.ActiveCfg = Debug|Any CPU
		{3DAC30E9-1342-431B-A383-BADF774096A8}.Ad-Hoc|iPhone.Build.0 = Debug|Any CPU
		{3DAC30E9-1342-431B-A383-BADF774096A8}.Ad-Hoc|iPhoneSimulator.ActiveCfg = Release|Any CPU
		{3DAC30E9-1342-431B-A383-BADF774096A8}.AppStore|Any CPU.ActiveCfg = Release|Any CPU
		{3DAC30E9-1342-431B-A383-BADF774096A8}.AppStore|iPhone.ActiveCfg = Debug|Any CPU
		{3DAC30E9-1342-431B-A383-BADF774096A8}.AppStore|iPhone.Build.0 = Debug|Any CPU
		{3DAC30E9-1342-431B-A383-BADF774096A8}.AppStore|iPhoneSimulator.ActiveCfg = Release|Any CPU
		{3DAC30E9-1342-431B-A383-BADF774096A8}.Debug|Any CPU.ActiveCfg = Debug|Any CPU
		{3DAC30E9-1342-431B-A383-BADF774096A8}.Debug|Any CPU.Build.0 = Debug|Any CPU
		{3DAC30E9-1342-431B-A383-BADF774096A8}.Debug|iPhone.ActiveCfg = Debug|Any CPU
		{3DAC30E9-1342-431B-A383-BADF774096A8}.Debug|iPhone.Build.0 = Debug|Any CPU
		{3DAC30E9-1342-431B-A383-BADF774096A8}.Debug|iPhoneSimulator.ActiveCfg = Debug|Any CPU
		{3DAC30E9-1342-431B-A383-BADF774096A8}.Debug|iPhoneSimulator.Build.0 = Debug|Any CPU
		{3DAC30E9-1342-431B-A383-BADF774096A8}.Release|Any CPU.ActiveCfg = Release|Any CPU
		{3DAC30E9-1342-431B-A383-BADF774096A8}.Release|Any CPU.Build.0 = Release|Any CPU
		{3DAC30E9-1342-431B-A383-BADF774096A8}.Release|iPhone.ActiveCfg = Release|Any CPU
		{3DAC30E9-1342-431B-A383-BADF774096A8}.Release|iPhone.Build.0 = Release|Any CPU
		{3DAC30E9-1342-431B-A383-BADF774096A8}.Release|iPhoneSimulator.ActiveCfg = Release|Any CPU
		{3DAC30E9-1342-431B-A383-BADF774096A8}.Release|iPhoneSimulator.Build.0 = Release|Any CPU
		{D5419814-C981-4A38-A421-357407714393}.Ad-Hoc|Any CPU.ActiveCfg = Release|Any CPU
		{D5419814-C981-4A38-A421-357407714393}.Ad-Hoc|Any CPU.Build.0 = Release|Any CPU
		{D5419814-C981-4A38-A421-357407714393}.Ad-Hoc|iPhone.ActiveCfg = Debug|Any CPU
		{D5419814-C981-4A38-A421-357407714393}.Ad-Hoc|iPhone.Build.0 = Debug|Any CPU
		{D5419814-C981-4A38-A421-357407714393}.Ad-Hoc|iPhoneSimulator.ActiveCfg = Release|Any CPU
		{D5419814-C981-4A38-A421-357407714393}.Ad-Hoc|iPhoneSimulator.Build.0 = Release|Any CPU
		{D5419814-C981-4A38-A421-357407714393}.AppStore|Any CPU.ActiveCfg = AppStore|Any CPU
		{D5419814-C981-4A38-A421-357407714393}.AppStore|Any CPU.Build.0 = AppStore|Any CPU
		{D5419814-C981-4A38-A421-357407714393}.AppStore|iPhone.ActiveCfg = AppStore|Any CPU
		{D5419814-C981-4A38-A421-357407714393}.AppStore|iPhone.Build.0 = AppStore|Any CPU
		{D5419814-C981-4A38-A421-357407714393}.AppStore|iPhoneSimulator.ActiveCfg = AppStore|Any CPU
		{D5419814-C981-4A38-A421-357407714393}.AppStore|iPhoneSimulator.Build.0 = AppStore|Any CPU
		{D5419814-C981-4A38-A421-357407714393}.Debug|Any CPU.ActiveCfg = Debug|Any CPU
		{D5419814-C981-4A38-A421-357407714393}.Debug|Any CPU.Build.0 = Debug|Any CPU
		{D5419814-C981-4A38-A421-357407714393}.Debug|iPhone.ActiveCfg = Debug|Any CPU
		{D5419814-C981-4A38-A421-357407714393}.Debug|iPhone.Build.0 = Debug|Any CPU
		{D5419814-C981-4A38-A421-357407714393}.Debug|iPhoneSimulator.ActiveCfg = Debug|Any CPU
		{D5419814-C981-4A38-A421-357407714393}.Debug|iPhoneSimulator.Build.0 = Debug|Any CPU
		{D5419814-C981-4A38-A421-357407714393}.Release|Any CPU.ActiveCfg = Release|Any CPU
		{D5419814-C981-4A38-A421-357407714393}.Release|Any CPU.Build.0 = Release|Any CPU
		{D5419814-C981-4A38-A421-357407714393}.Release|iPhone.ActiveCfg = Release|Any CPU
		{D5419814-C981-4A38-A421-357407714393}.Release|iPhone.Build.0 = Release|Any CPU
		{D5419814-C981-4A38-A421-357407714393}.Release|iPhoneSimulator.ActiveCfg = Release|Any CPU
		{D5419814-C981-4A38-A421-357407714393}.Release|iPhoneSimulator.Build.0 = Release|Any CPU
		{4E969C46-0EA2-4C65-8E6D-9254F5FDD211}.Ad-Hoc|Any CPU.ActiveCfg = Release|Any CPU
		{4E969C46-0EA2-4C65-8E6D-9254F5FDD211}.Ad-Hoc|Any CPU.Build.0 = Release|Any CPU
		{4E969C46-0EA2-4C65-8E6D-9254F5FDD211}.Ad-Hoc|iPhone.ActiveCfg = Debug|Any CPU
		{4E969C46-0EA2-4C65-8E6D-9254F5FDD211}.Ad-Hoc|iPhone.Build.0 = Debug|Any CPU
		{4E969C46-0EA2-4C65-8E6D-9254F5FDD211}.Ad-Hoc|iPhoneSimulator.ActiveCfg = Release|Any CPU
		{4E969C46-0EA2-4C65-8E6D-9254F5FDD211}.Ad-Hoc|iPhoneSimulator.Build.0 = Release|Any CPU
		{4E969C46-0EA2-4C65-8E6D-9254F5FDD211}.AppStore|Any CPU.ActiveCfg = AppStore|Any CPU
		{4E969C46-0EA2-4C65-8E6D-9254F5FDD211}.AppStore|Any CPU.Build.0 = AppStore|Any CPU
		{4E969C46-0EA2-4C65-8E6D-9254F5FDD211}.AppStore|iPhone.ActiveCfg = AppStore|Any CPU
		{4E969C46-0EA2-4C65-8E6D-9254F5FDD211}.AppStore|iPhone.Build.0 = AppStore|Any CPU
		{4E969C46-0EA2-4C65-8E6D-9254F5FDD211}.AppStore|iPhoneSimulator.ActiveCfg = AppStore|Any CPU
		{4E969C46-0EA2-4C65-8E6D-9254F5FDD211}.AppStore|iPhoneSimulator.Build.0 = AppStore|Any CPU
		{4E969C46-0EA2-4C65-8E6D-9254F5FDD211}.Debug|Any CPU.ActiveCfg = Debug|Any CPU
		{4E969C46-0EA2-4C65-8E6D-9254F5FDD211}.Debug|Any CPU.Build.0 = Debug|Any CPU
		{4E969C46-0EA2-4C65-8E6D-9254F5FDD211}.Debug|iPhone.ActiveCfg = Debug|Any CPU
		{4E969C46-0EA2-4C65-8E6D-9254F5FDD211}.Debug|iPhone.Build.0 = Debug|Any CPU
		{4E969C46-0EA2-4C65-8E6D-9254F5FDD211}.Debug|iPhoneSimulator.ActiveCfg = Debug|Any CPU
		{4E969C46-0EA2-4C65-8E6D-9254F5FDD211}.Debug|iPhoneSimulator.Build.0 = Debug|Any CPU
		{4E969C46-0EA2-4C65-8E6D-9254F5FDD211}.Release|Any CPU.ActiveCfg = Release|Any CPU
		{4E969C46-0EA2-4C65-8E6D-9254F5FDD211}.Release|Any CPU.Build.0 = Release|Any CPU
		{4E969C46-0EA2-4C65-8E6D-9254F5FDD211}.Release|iPhone.ActiveCfg = Release|Any CPU
		{4E969C46-0EA2-4C65-8E6D-9254F5FDD211}.Release|iPhone.Build.0 = Release|Any CPU
		{4E969C46-0EA2-4C65-8E6D-9254F5FDD211}.Release|iPhoneSimulator.ActiveCfg = Release|Any CPU
		{4E969C46-0EA2-4C65-8E6D-9254F5FDD211}.Release|iPhoneSimulator.Build.0 = Release|Any CPU
		{0D9B5658-243F-457A-816D-FCE74EF9E353}.Ad-Hoc|Any CPU.ActiveCfg = Release|Any CPU
		{0D9B5658-243F-457A-816D-FCE74EF9E353}.Ad-Hoc|Any CPU.Build.0 = Release|Any CPU
		{0D9B5658-243F-457A-816D-FCE74EF9E353}.Ad-Hoc|iPhone.ActiveCfg = Debug|Any CPU
		{0D9B5658-243F-457A-816D-FCE74EF9E353}.Ad-Hoc|iPhone.Build.0 = Debug|Any CPU
		{0D9B5658-243F-457A-816D-FCE74EF9E353}.Ad-Hoc|iPhoneSimulator.ActiveCfg = Release|Any CPU
		{0D9B5658-243F-457A-816D-FCE74EF9E353}.Ad-Hoc|iPhoneSimulator.Build.0 = Release|Any CPU
		{0D9B5658-243F-457A-816D-FCE74EF9E353}.AppStore|Any CPU.ActiveCfg = AppStore|Any CPU
		{0D9B5658-243F-457A-816D-FCE74EF9E353}.AppStore|Any CPU.Build.0 = AppStore|Any CPU
		{0D9B5658-243F-457A-816D-FCE74EF9E353}.AppStore|iPhone.ActiveCfg = AppStore|Any CPU
		{0D9B5658-243F-457A-816D-FCE74EF9E353}.AppStore|iPhone.Build.0 = AppStore|Any CPU
		{0D9B5658-243F-457A-816D-FCE74EF9E353}.AppStore|iPhoneSimulator.ActiveCfg = AppStore|Any CPU
		{0D9B5658-243F-457A-816D-FCE74EF9E353}.AppStore|iPhoneSimulator.Build.0 = AppStore|Any CPU
		{0D9B5658-243F-457A-816D-FCE74EF9E353}.Debug|Any CPU.ActiveCfg = Debug|Any CPU
		{0D9B5658-243F-457A-816D-FCE74EF9E353}.Debug|Any CPU.Build.0 = Debug|Any CPU
		{0D9B5658-243F-457A-816D-FCE74EF9E353}.Debug|iPhone.ActiveCfg = Debug|Any CPU
		{0D9B5658-243F-457A-816D-FCE74EF9E353}.Debug|iPhone.Build.0 = Debug|Any CPU
		{0D9B5658-243F-457A-816D-FCE74EF9E353}.Debug|iPhoneSimulator.ActiveCfg = Debug|Any CPU
		{0D9B5658-243F-457A-816D-FCE74EF9E353}.Debug|iPhoneSimulator.Build.0 = Debug|Any CPU
		{0D9B5658-243F-457A-816D-FCE74EF9E353}.Release|Any CPU.ActiveCfg = Release|Any CPU
		{0D9B5658-243F-457A-816D-FCE74EF9E353}.Release|Any CPU.Build.0 = Release|Any CPU
		{0D9B5658-243F-457A-816D-FCE74EF9E353}.Release|iPhone.ActiveCfg = Release|Any CPU
		{0D9B5658-243F-457A-816D-FCE74EF9E353}.Release|iPhone.Build.0 = Release|Any CPU
		{0D9B5658-243F-457A-816D-FCE74EF9E353}.Release|iPhoneSimulator.ActiveCfg = Release|Any CPU
		{0D9B5658-243F-457A-816D-FCE74EF9E353}.Release|iPhoneSimulator.Build.0 = Release|Any CPU
		{7960BBEE-8718-4D48-B662-C0490242926D}.Ad-Hoc|Any CPU.ActiveCfg = Release|Any CPU
		{7960BBEE-8718-4D48-B662-C0490242926D}.Ad-Hoc|Any CPU.Build.0 = Release|Any CPU
		{7960BBEE-8718-4D48-B662-C0490242926D}.Ad-Hoc|iPhone.ActiveCfg = Debug|Any CPU
		{7960BBEE-8718-4D48-B662-C0490242926D}.Ad-Hoc|iPhone.Build.0 = Debug|Any CPU
		{7960BBEE-8718-4D48-B662-C0490242926D}.Ad-Hoc|iPhoneSimulator.ActiveCfg = Release|Any CPU
		{7960BBEE-8718-4D48-B662-C0490242926D}.Ad-Hoc|iPhoneSimulator.Build.0 = Release|Any CPU
		{7960BBEE-8718-4D48-B662-C0490242926D}.AppStore|Any CPU.ActiveCfg = AppStore|Any CPU
		{7960BBEE-8718-4D48-B662-C0490242926D}.AppStore|Any CPU.Build.0 = AppStore|Any CPU
		{7960BBEE-8718-4D48-B662-C0490242926D}.AppStore|iPhone.ActiveCfg = AppStore|Any CPU
		{7960BBEE-8718-4D48-B662-C0490242926D}.AppStore|iPhone.Build.0 = AppStore|Any CPU
		{7960BBEE-8718-4D48-B662-C0490242926D}.AppStore|iPhoneSimulator.ActiveCfg = AppStore|Any CPU
		{7960BBEE-8718-4D48-B662-C0490242926D}.AppStore|iPhoneSimulator.Build.0 = AppStore|Any CPU
		{7960BBEE-8718-4D48-B662-C0490242926D}.Debug|Any CPU.ActiveCfg = Debug|Any CPU
		{7960BBEE-8718-4D48-B662-C0490242926D}.Debug|Any CPU.Build.0 = Debug|Any CPU
		{7960BBEE-8718-4D48-B662-C0490242926D}.Debug|iPhone.ActiveCfg = Debug|Any CPU
		{7960BBEE-8718-4D48-B662-C0490242926D}.Debug|iPhone.Build.0 = Debug|Any CPU
		{7960BBEE-8718-4D48-B662-C0490242926D}.Debug|iPhoneSimulator.ActiveCfg = Debug|Any CPU
		{7960BBEE-8718-4D48-B662-C0490242926D}.Debug|iPhoneSimulator.Build.0 = Debug|Any CPU
		{7960BBEE-8718-4D48-B662-C0490242926D}.Release|Any CPU.ActiveCfg = Release|Any CPU
		{7960BBEE-8718-4D48-B662-C0490242926D}.Release|Any CPU.Build.0 = Release|Any CPU
		{7960BBEE-8718-4D48-B662-C0490242926D}.Release|iPhone.ActiveCfg = Release|Any CPU
		{7960BBEE-8718-4D48-B662-C0490242926D}.Release|iPhone.Build.0 = Release|Any CPU
		{7960BBEE-8718-4D48-B662-C0490242926D}.Release|iPhoneSimulator.ActiveCfg = Release|Any CPU
		{7960BBEE-8718-4D48-B662-C0490242926D}.Release|iPhoneSimulator.Build.0 = Release|Any CPU
		{EFA2D6E1-31AF-4844-A286-EC9D1529CC84}.Ad-Hoc|Any CPU.ActiveCfg = Release|Any CPU
		{EFA2D6E1-31AF-4844-A286-EC9D1529CC84}.Ad-Hoc|iPhone.ActiveCfg = Debug|Any CPU
		{EFA2D6E1-31AF-4844-A286-EC9D1529CC84}.Ad-Hoc|iPhone.Build.0 = Debug|Any CPU
		{EFA2D6E1-31AF-4844-A286-EC9D1529CC84}.Ad-Hoc|iPhoneSimulator.ActiveCfg = Release|Any CPU
		{EFA2D6E1-31AF-4844-A286-EC9D1529CC84}.AppStore|Any CPU.ActiveCfg = Release|Any CPU
		{EFA2D6E1-31AF-4844-A286-EC9D1529CC84}.AppStore|iPhone.ActiveCfg = Debug|Any CPU
		{EFA2D6E1-31AF-4844-A286-EC9D1529CC84}.AppStore|iPhone.Build.0 = Debug|Any CPU
		{EFA2D6E1-31AF-4844-A286-EC9D1529CC84}.AppStore|iPhoneSimulator.ActiveCfg = Release|Any CPU
		{EFA2D6E1-31AF-4844-A286-EC9D1529CC84}.Debug|Any CPU.ActiveCfg = Debug|Any CPU
		{EFA2D6E1-31AF-4844-A286-EC9D1529CC84}.Debug|Any CPU.Build.0 = Debug|Any CPU
		{EFA2D6E1-31AF-4844-A286-EC9D1529CC84}.Debug|iPhone.ActiveCfg = Debug|Any CPU
		{EFA2D6E1-31AF-4844-A286-EC9D1529CC84}.Debug|iPhone.Build.0 = Debug|Any CPU
		{EFA2D6E1-31AF-4844-A286-EC9D1529CC84}.Debug|iPhoneSimulator.ActiveCfg = Debug|Any CPU
		{EFA2D6E1-31AF-4844-A286-EC9D1529CC84}.Debug|iPhoneSimulator.Build.0 = Debug|Any CPU
		{EFA2D6E1-31AF-4844-A286-EC9D1529CC84}.Release|Any CPU.ActiveCfg = Release|Any CPU
		{EFA2D6E1-31AF-4844-A286-EC9D1529CC84}.Release|Any CPU.Build.0 = Release|Any CPU
		{EFA2D6E1-31AF-4844-A286-EC9D1529CC84}.Release|iPhone.ActiveCfg = Release|Any CPU
		{EFA2D6E1-31AF-4844-A286-EC9D1529CC84}.Release|iPhone.Build.0 = Release|Any CPU
		{EFA2D6E1-31AF-4844-A286-EC9D1529CC84}.Release|iPhoneSimulator.ActiveCfg = Release|Any CPU
		{EFA2D6E1-31AF-4844-A286-EC9D1529CC84}.Release|iPhoneSimulator.Build.0 = Release|Any CPU
		{AD589BC4-1D31-45E8-ACC1-318D0B24BF69}.Ad-Hoc|Any CPU.ActiveCfg = Release|Any CPU
		{AD589BC4-1D31-45E8-ACC1-318D0B24BF69}.Ad-Hoc|iPhone.ActiveCfg = Debug|Any CPU
		{AD589BC4-1D31-45E8-ACC1-318D0B24BF69}.Ad-Hoc|iPhone.Build.0 = Debug|Any CPU
		{AD589BC4-1D31-45E8-ACC1-318D0B24BF69}.Ad-Hoc|iPhoneSimulator.ActiveCfg = Release|Any CPU
		{AD589BC4-1D31-45E8-ACC1-318D0B24BF69}.AppStore|Any CPU.ActiveCfg = Release|Any CPU
		{AD589BC4-1D31-45E8-ACC1-318D0B24BF69}.AppStore|iPhone.ActiveCfg = Debug|Any CPU
		{AD589BC4-1D31-45E8-ACC1-318D0B24BF69}.AppStore|iPhone.Build.0 = Debug|Any CPU
		{AD589BC4-1D31-45E8-ACC1-318D0B24BF69}.AppStore|iPhoneSimulator.ActiveCfg = Release|Any CPU
		{AD589BC4-1D31-45E8-ACC1-318D0B24BF69}.Debug|Any CPU.ActiveCfg = Debug|Any CPU
		{AD589BC4-1D31-45E8-ACC1-318D0B24BF69}.Debug|Any CPU.Build.0 = Debug|Any CPU
		{AD589BC4-1D31-45E8-ACC1-318D0B24BF69}.Debug|iPhone.ActiveCfg = Debug|Any CPU
		{AD589BC4-1D31-45E8-ACC1-318D0B24BF69}.Debug|iPhone.Build.0 = Debug|Any CPU
		{AD589BC4-1D31-45E8-ACC1-318D0B24BF69}.Debug|iPhoneSimulator.ActiveCfg = Debug|Any CPU
		{AD589BC4-1D31-45E8-ACC1-318D0B24BF69}.Debug|iPhoneSimulator.Build.0 = Debug|Any CPU
		{AD589BC4-1D31-45E8-ACC1-318D0B24BF69}.Release|Any CPU.ActiveCfg = Release|Any CPU
		{AD589BC4-1D31-45E8-ACC1-318D0B24BF69}.Release|Any CPU.Build.0 = Release|Any CPU
		{AD589BC4-1D31-45E8-ACC1-318D0B24BF69}.Release|iPhone.ActiveCfg = Release|Any CPU
		{AD589BC4-1D31-45E8-ACC1-318D0B24BF69}.Release|iPhone.Build.0 = Release|Any CPU
		{AD589BC4-1D31-45E8-ACC1-318D0B24BF69}.Release|iPhoneSimulator.ActiveCfg = Release|Any CPU
		{AD589BC4-1D31-45E8-ACC1-318D0B24BF69}.Release|iPhoneSimulator.Build.0 = Release|Any CPU
		{2B78622B-429F-4D35-AFBB-B3D6049969B7}.Ad-Hoc|Any CPU.ActiveCfg = Release|Any CPU
		{2B78622B-429F-4D35-AFBB-B3D6049969B7}.Ad-Hoc|iPhone.ActiveCfg = Debug|Any CPU
		{2B78622B-429F-4D35-AFBB-B3D6049969B7}.Ad-Hoc|iPhone.Build.0 = Debug|Any CPU
		{2B78622B-429F-4D35-AFBB-B3D6049969B7}.Ad-Hoc|iPhoneSimulator.ActiveCfg = Release|Any CPU
		{2B78622B-429F-4D35-AFBB-B3D6049969B7}.AppStore|Any CPU.ActiveCfg = Release|Any CPU
		{2B78622B-429F-4D35-AFBB-B3D6049969B7}.AppStore|iPhone.ActiveCfg = Debug|Any CPU
		{2B78622B-429F-4D35-AFBB-B3D6049969B7}.AppStore|iPhone.Build.0 = Debug|Any CPU
		{2B78622B-429F-4D35-AFBB-B3D6049969B7}.AppStore|iPhoneSimulator.ActiveCfg = Release|Any CPU
		{2B78622B-429F-4D35-AFBB-B3D6049969B7}.Debug|Any CPU.ActiveCfg = Debug|Any CPU
		{2B78622B-429F-4D35-AFBB-B3D6049969B7}.Debug|Any CPU.Build.0 = Debug|Any CPU
		{2B78622B-429F-4D35-AFBB-B3D6049969B7}.Debug|iPhone.ActiveCfg = Debug|Any CPU
		{2B78622B-429F-4D35-AFBB-B3D6049969B7}.Debug|iPhone.Build.0 = Debug|Any CPU
		{2B78622B-429F-4D35-AFBB-B3D6049969B7}.Debug|iPhoneSimulator.ActiveCfg = Debug|Any CPU
		{2B78622B-429F-4D35-AFBB-B3D6049969B7}.Debug|iPhoneSimulator.Build.0 = Debug|Any CPU
		{2B78622B-429F-4D35-AFBB-B3D6049969B7}.Release|Any CPU.ActiveCfg = Release|Any CPU
		{2B78622B-429F-4D35-AFBB-B3D6049969B7}.Release|Any CPU.Build.0 = Release|Any CPU
		{2B78622B-429F-4D35-AFBB-B3D6049969B7}.Release|iPhone.ActiveCfg = Release|Any CPU
		{2B78622B-429F-4D35-AFBB-B3D6049969B7}.Release|iPhone.Build.0 = Release|Any CPU
		{2B78622B-429F-4D35-AFBB-B3D6049969B7}.Release|iPhoneSimulator.ActiveCfg = Release|Any CPU
		{2B78622B-429F-4D35-AFBB-B3D6049969B7}.Release|iPhoneSimulator.Build.0 = Release|Any CPU
		{2881FFFA-1BE8-4A24-A8D9-8B9FDFA96949}.Ad-Hoc|Any CPU.ActiveCfg = Release|Any CPU
		{2881FFFA-1BE8-4A24-A8D9-8B9FDFA96949}.Ad-Hoc|iPhone.ActiveCfg = Debug|Any CPU
		{2881FFFA-1BE8-4A24-A8D9-8B9FDFA96949}.Ad-Hoc|iPhone.Build.0 = Debug|Any CPU
		{2881FFFA-1BE8-4A24-A8D9-8B9FDFA96949}.Ad-Hoc|iPhoneSimulator.ActiveCfg = Release|Any CPU
		{2881FFFA-1BE8-4A24-A8D9-8B9FDFA96949}.AppStore|Any CPU.ActiveCfg = Release|Any CPU
		{2881FFFA-1BE8-4A24-A8D9-8B9FDFA96949}.AppStore|iPhone.ActiveCfg = Debug|Any CPU
		{2881FFFA-1BE8-4A24-A8D9-8B9FDFA96949}.AppStore|iPhone.Build.0 = Debug|Any CPU
		{2881FFFA-1BE8-4A24-A8D9-8B9FDFA96949}.AppStore|iPhoneSimulator.ActiveCfg = Release|Any CPU
		{2881FFFA-1BE8-4A24-A8D9-8B9FDFA96949}.Debug|Any CPU.ActiveCfg = Debug|Any CPU
		{2881FFFA-1BE8-4A24-A8D9-8B9FDFA96949}.Debug|Any CPU.Build.0 = Debug|Any CPU
		{2881FFFA-1BE8-4A24-A8D9-8B9FDFA96949}.Debug|iPhone.ActiveCfg = Debug|Any CPU
		{2881FFFA-1BE8-4A24-A8D9-8B9FDFA96949}.Debug|iPhone.Build.0 = Debug|Any CPU
		{2881FFFA-1BE8-4A24-A8D9-8B9FDFA96949}.Debug|iPhoneSimulator.ActiveCfg = Debug|Any CPU
		{2881FFFA-1BE8-4A24-A8D9-8B9FDFA96949}.Debug|iPhoneSimulator.Build.0 = Debug|Any CPU
		{2881FFFA-1BE8-4A24-A8D9-8B9FDFA96949}.Release|Any CPU.ActiveCfg = Release|Any CPU
		{2881FFFA-1BE8-4A24-A8D9-8B9FDFA96949}.Release|Any CPU.Build.0 = Release|Any CPU
		{2881FFFA-1BE8-4A24-A8D9-8B9FDFA96949}.Release|iPhone.ActiveCfg = Release|Any CPU
		{2881FFFA-1BE8-4A24-A8D9-8B9FDFA96949}.Release|iPhone.Build.0 = Release|Any CPU
		{2881FFFA-1BE8-4A24-A8D9-8B9FDFA96949}.Release|iPhoneSimulator.ActiveCfg = Release|Any CPU
		{2881FFFA-1BE8-4A24-A8D9-8B9FDFA96949}.Release|iPhoneSimulator.Build.0 = Release|Any CPU
		{982327FF-7D07-4E8F-AD82-3E620D57EBA2}.Ad-Hoc|Any CPU.ActiveCfg = Release|Any CPU
		{982327FF-7D07-4E8F-AD82-3E620D57EBA2}.Ad-Hoc|iPhone.ActiveCfg = Debug|Any CPU
		{982327FF-7D07-4E8F-AD82-3E620D57EBA2}.Ad-Hoc|iPhone.Build.0 = Debug|Any CPU
		{982327FF-7D07-4E8F-AD82-3E620D57EBA2}.Ad-Hoc|iPhoneSimulator.ActiveCfg = Release|Any CPU
		{982327FF-7D07-4E8F-AD82-3E620D57EBA2}.AppStore|Any CPU.ActiveCfg = Release|Any CPU
		{982327FF-7D07-4E8F-AD82-3E620D57EBA2}.AppStore|iPhone.ActiveCfg = Debug|Any CPU
		{982327FF-7D07-4E8F-AD82-3E620D57EBA2}.AppStore|iPhone.Build.0 = Debug|Any CPU
		{982327FF-7D07-4E8F-AD82-3E620D57EBA2}.AppStore|iPhoneSimulator.ActiveCfg = Release|Any CPU
		{982327FF-7D07-4E8F-AD82-3E620D57EBA2}.Debug|Any CPU.ActiveCfg = Debug|Any CPU
		{982327FF-7D07-4E8F-AD82-3E620D57EBA2}.Debug|Any CPU.Build.0 = Debug|Any CPU
		{982327FF-7D07-4E8F-AD82-3E620D57EBA2}.Debug|iPhone.ActiveCfg = Debug|Any CPU
		{982327FF-7D07-4E8F-AD82-3E620D57EBA2}.Debug|iPhone.Build.0 = Debug|Any CPU
		{982327FF-7D07-4E8F-AD82-3E620D57EBA2}.Debug|iPhoneSimulator.ActiveCfg = Debug|Any CPU
		{982327FF-7D07-4E8F-AD82-3E620D57EBA2}.Debug|iPhoneSimulator.Build.0 = Debug|Any CPU
		{982327FF-7D07-4E8F-AD82-3E620D57EBA2}.Release|Any CPU.ActiveCfg = Release|Any CPU
		{982327FF-7D07-4E8F-AD82-3E620D57EBA2}.Release|Any CPU.Build.0 = Release|Any CPU
		{982327FF-7D07-4E8F-AD82-3E620D57EBA2}.Release|iPhone.ActiveCfg = Release|Any CPU
		{982327FF-7D07-4E8F-AD82-3E620D57EBA2}.Release|iPhone.Build.0 = Release|Any CPU
		{982327FF-7D07-4E8F-AD82-3E620D57EBA2}.Release|iPhoneSimulator.ActiveCfg = Release|Any CPU
		{982327FF-7D07-4E8F-AD82-3E620D57EBA2}.Release|iPhoneSimulator.Build.0 = Release|Any CPU
		{7073FA6E-671F-4094-BCDB-036A43DE9A9B}.Ad-Hoc|Any CPU.ActiveCfg = Release|Any CPU
		{7073FA6E-671F-4094-BCDB-036A43DE9A9B}.Ad-Hoc|Any CPU.Build.0 = Release|Any CPU
		{7073FA6E-671F-4094-BCDB-036A43DE9A9B}.Ad-Hoc|iPhone.ActiveCfg = Debug|Any CPU
		{7073FA6E-671F-4094-BCDB-036A43DE9A9B}.Ad-Hoc|iPhone.Build.0 = Debug|Any CPU
		{7073FA6E-671F-4094-BCDB-036A43DE9A9B}.Ad-Hoc|iPhoneSimulator.ActiveCfg = Release|Any CPU
		{7073FA6E-671F-4094-BCDB-036A43DE9A9B}.Ad-Hoc|iPhoneSimulator.Build.0 = Release|Any CPU
		{7073FA6E-671F-4094-BCDB-036A43DE9A9B}.AppStore|Any CPU.ActiveCfg = AppStore|Any CPU
		{7073FA6E-671F-4094-BCDB-036A43DE9A9B}.AppStore|Any CPU.Build.0 = AppStore|Any CPU
		{7073FA6E-671F-4094-BCDB-036A43DE9A9B}.AppStore|iPhone.ActiveCfg = AppStore|Any CPU
		{7073FA6E-671F-4094-BCDB-036A43DE9A9B}.AppStore|iPhone.Build.0 = AppStore|Any CPU
		{7073FA6E-671F-4094-BCDB-036A43DE9A9B}.AppStore|iPhoneSimulator.ActiveCfg = AppStore|Any CPU
		{7073FA6E-671F-4094-BCDB-036A43DE9A9B}.AppStore|iPhoneSimulator.Build.0 = AppStore|Any CPU
		{7073FA6E-671F-4094-BCDB-036A43DE9A9B}.Debug|Any CPU.ActiveCfg = Debug|Any CPU
		{7073FA6E-671F-4094-BCDB-036A43DE9A9B}.Debug|Any CPU.Build.0 = Debug|Any CPU
		{7073FA6E-671F-4094-BCDB-036A43DE9A9B}.Debug|iPhone.ActiveCfg = Debug|Any CPU
		{7073FA6E-671F-4094-BCDB-036A43DE9A9B}.Debug|iPhone.Build.0 = Debug|Any CPU
		{7073FA6E-671F-4094-BCDB-036A43DE9A9B}.Debug|iPhoneSimulator.ActiveCfg = Debug|Any CPU
		{7073FA6E-671F-4094-BCDB-036A43DE9A9B}.Debug|iPhoneSimulator.Build.0 = Debug|Any CPU
		{7073FA6E-671F-4094-BCDB-036A43DE9A9B}.Release|Any CPU.ActiveCfg = Release|Any CPU
		{7073FA6E-671F-4094-BCDB-036A43DE9A9B}.Release|Any CPU.Build.0 = Release|Any CPU
		{7073FA6E-671F-4094-BCDB-036A43DE9A9B}.Release|iPhone.ActiveCfg = Release|Any CPU
		{7073FA6E-671F-4094-BCDB-036A43DE9A9B}.Release|iPhone.Build.0 = Release|Any CPU
		{7073FA6E-671F-4094-BCDB-036A43DE9A9B}.Release|iPhoneSimulator.ActiveCfg = Release|Any CPU
		{7073FA6E-671F-4094-BCDB-036A43DE9A9B}.Release|iPhoneSimulator.Build.0 = Release|Any CPU
		{FC09796D-584E-4314-88CA-E453C1D52EA7}.Ad-Hoc|Any CPU.ActiveCfg = Release|Any CPU
		{FC09796D-584E-4314-88CA-E453C1D52EA7}.Ad-Hoc|Any CPU.Build.0 = Release|Any CPU
		{FC09796D-584E-4314-88CA-E453C1D52EA7}.Ad-Hoc|iPhone.ActiveCfg = Debug|Any CPU
		{FC09796D-584E-4314-88CA-E453C1D52EA7}.Ad-Hoc|iPhone.Build.0 = Debug|Any CPU
		{FC09796D-584E-4314-88CA-E453C1D52EA7}.Ad-Hoc|iPhoneSimulator.ActiveCfg = Release|Any CPU
		{FC09796D-584E-4314-88CA-E453C1D52EA7}.Ad-Hoc|iPhoneSimulator.Build.0 = Release|Any CPU
		{FC09796D-584E-4314-88CA-E453C1D52EA7}.AppStore|Any CPU.ActiveCfg = Release|Any CPU
		{FC09796D-584E-4314-88CA-E453C1D52EA7}.AppStore|Any CPU.Build.0 = Release|Any CPU
		{FC09796D-584E-4314-88CA-E453C1D52EA7}.AppStore|iPhone.ActiveCfg = Debug|Any CPU
		{FC09796D-584E-4314-88CA-E453C1D52EA7}.AppStore|iPhone.Build.0 = Debug|Any CPU
		{FC09796D-584E-4314-88CA-E453C1D52EA7}.AppStore|iPhoneSimulator.ActiveCfg = Release|Any CPU
		{FC09796D-584E-4314-88CA-E453C1D52EA7}.AppStore|iPhoneSimulator.Build.0 = Release|Any CPU
		{FC09796D-584E-4314-88CA-E453C1D52EA7}.Debug|Any CPU.ActiveCfg = Debug|Any CPU
		{FC09796D-584E-4314-88CA-E453C1D52EA7}.Debug|Any CPU.Build.0 = Debug|Any CPU
		{FC09796D-584E-4314-88CA-E453C1D52EA7}.Debug|iPhone.ActiveCfg = Debug|Any CPU
		{FC09796D-584E-4314-88CA-E453C1D52EA7}.Debug|iPhone.Build.0 = Debug|Any CPU
		{FC09796D-584E-4314-88CA-E453C1D52EA7}.Debug|iPhoneSimulator.ActiveCfg = Debug|Any CPU
		{FC09796D-584E-4314-88CA-E453C1D52EA7}.Debug|iPhoneSimulator.Build.0 = Debug|Any CPU
		{FC09796D-584E-4314-88CA-E453C1D52EA7}.Release|Any CPU.ActiveCfg = Release|Any CPU
		{FC09796D-584E-4314-88CA-E453C1D52EA7}.Release|Any CPU.Build.0 = Release|Any CPU
		{FC09796D-584E-4314-88CA-E453C1D52EA7}.Release|iPhone.ActiveCfg = Release|Any CPU
		{FC09796D-584E-4314-88CA-E453C1D52EA7}.Release|iPhone.Build.0 = Release|Any CPU
		{FC09796D-584E-4314-88CA-E453C1D52EA7}.Release|iPhoneSimulator.ActiveCfg = Release|Any CPU
		{FC09796D-584E-4314-88CA-E453C1D52EA7}.Release|iPhoneSimulator.Build.0 = Release|Any CPU
		{8ED7CDFA-3A26-4870-B9A9-936E7C6AEFBC}.Ad-Hoc|Any CPU.ActiveCfg = Release|Any CPU
		{8ED7CDFA-3A26-4870-B9A9-936E7C6AEFBC}.Ad-Hoc|Any CPU.Build.0 = Release|Any CPU
		{8ED7CDFA-3A26-4870-B9A9-936E7C6AEFBC}.Ad-Hoc|iPhone.ActiveCfg = Debug|Any CPU
		{8ED7CDFA-3A26-4870-B9A9-936E7C6AEFBC}.Ad-Hoc|iPhone.Build.0 = Debug|Any CPU
		{8ED7CDFA-3A26-4870-B9A9-936E7C6AEFBC}.Ad-Hoc|iPhoneSimulator.ActiveCfg = Release|Any CPU
		{8ED7CDFA-3A26-4870-B9A9-936E7C6AEFBC}.Ad-Hoc|iPhoneSimulator.Build.0 = Release|Any CPU
		{8ED7CDFA-3A26-4870-B9A9-936E7C6AEFBC}.AppStore|Any CPU.ActiveCfg = Release|Any CPU
		{8ED7CDFA-3A26-4870-B9A9-936E7C6AEFBC}.AppStore|Any CPU.Build.0 = Release|Any CPU
		{8ED7CDFA-3A26-4870-B9A9-936E7C6AEFBC}.AppStore|iPhone.ActiveCfg = Debug|Any CPU
		{8ED7CDFA-3A26-4870-B9A9-936E7C6AEFBC}.AppStore|iPhone.Build.0 = Debug|Any CPU
		{8ED7CDFA-3A26-4870-B9A9-936E7C6AEFBC}.AppStore|iPhoneSimulator.ActiveCfg = Release|Any CPU
		{8ED7CDFA-3A26-4870-B9A9-936E7C6AEFBC}.AppStore|iPhoneSimulator.Build.0 = Release|Any CPU
		{8ED7CDFA-3A26-4870-B9A9-936E7C6AEFBC}.Debug|Any CPU.ActiveCfg = Debug|Any CPU
		{8ED7CDFA-3A26-4870-B9A9-936E7C6AEFBC}.Debug|Any CPU.Build.0 = Debug|Any CPU
		{8ED7CDFA-3A26-4870-B9A9-936E7C6AEFBC}.Debug|iPhone.ActiveCfg = Debug|Any CPU
		{8ED7CDFA-3A26-4870-B9A9-936E7C6AEFBC}.Debug|iPhone.Build.0 = Debug|Any CPU
		{8ED7CDFA-3A26-4870-B9A9-936E7C6AEFBC}.Debug|iPhoneSimulator.ActiveCfg = Debug|Any CPU
		{8ED7CDFA-3A26-4870-B9A9-936E7C6AEFBC}.Debug|iPhoneSimulator.Build.0 = Debug|Any CPU
		{8ED7CDFA-3A26-4870-B9A9-936E7C6AEFBC}.Release|Any CPU.ActiveCfg = Release|Any CPU
		{8ED7CDFA-3A26-4870-B9A9-936E7C6AEFBC}.Release|Any CPU.Build.0 = Release|Any CPU
		{8ED7CDFA-3A26-4870-B9A9-936E7C6AEFBC}.Release|iPhone.ActiveCfg = Release|Any CPU
		{8ED7CDFA-3A26-4870-B9A9-936E7C6AEFBC}.Release|iPhone.Build.0 = Release|Any CPU
		{8ED7CDFA-3A26-4870-B9A9-936E7C6AEFBC}.Release|iPhoneSimulator.ActiveCfg = Release|Any CPU
		{8ED7CDFA-3A26-4870-B9A9-936E7C6AEFBC}.Release|iPhoneSimulator.Build.0 = Release|Any CPU
		{6A3711CE-A22F-421D-AF9F-2661E6B9D3B5}.Ad-Hoc|Any CPU.ActiveCfg = Release|Any CPU
		{6A3711CE-A22F-421D-AF9F-2661E6B9D3B5}.Ad-Hoc|Any CPU.Build.0 = Release|Any CPU
		{6A3711CE-A22F-421D-AF9F-2661E6B9D3B5}.Ad-Hoc|iPhone.ActiveCfg = Debug|Any CPU
		{6A3711CE-A22F-421D-AF9F-2661E6B9D3B5}.Ad-Hoc|iPhone.Build.0 = Debug|Any CPU
		{6A3711CE-A22F-421D-AF9F-2661E6B9D3B5}.Ad-Hoc|iPhoneSimulator.ActiveCfg = Release|Any CPU
		{6A3711CE-A22F-421D-AF9F-2661E6B9D3B5}.Ad-Hoc|iPhoneSimulator.Build.0 = Release|Any CPU
		{6A3711CE-A22F-421D-AF9F-2661E6B9D3B5}.AppStore|Any CPU.ActiveCfg = Release|Any CPU
		{6A3711CE-A22F-421D-AF9F-2661E6B9D3B5}.AppStore|Any CPU.Build.0 = Release|Any CPU
		{6A3711CE-A22F-421D-AF9F-2661E6B9D3B5}.AppStore|iPhone.ActiveCfg = Debug|Any CPU
		{6A3711CE-A22F-421D-AF9F-2661E6B9D3B5}.AppStore|iPhone.Build.0 = Debug|Any CPU
		{6A3711CE-A22F-421D-AF9F-2661E6B9D3B5}.AppStore|iPhoneSimulator.ActiveCfg = Release|Any CPU
		{6A3711CE-A22F-421D-AF9F-2661E6B9D3B5}.AppStore|iPhoneSimulator.Build.0 = Release|Any CPU
		{6A3711CE-A22F-421D-AF9F-2661E6B9D3B5}.Debug|Any CPU.ActiveCfg = Debug|Any CPU
		{6A3711CE-A22F-421D-AF9F-2661E6B9D3B5}.Debug|Any CPU.Build.0 = Debug|Any CPU
		{6A3711CE-A22F-421D-AF9F-2661E6B9D3B5}.Debug|iPhone.ActiveCfg = Debug|Any CPU
		{6A3711CE-A22F-421D-AF9F-2661E6B9D3B5}.Debug|iPhone.Build.0 = Debug|Any CPU
		{6A3711CE-A22F-421D-AF9F-2661E6B9D3B5}.Debug|iPhoneSimulator.ActiveCfg = Debug|Any CPU
		{6A3711CE-A22F-421D-AF9F-2661E6B9D3B5}.Debug|iPhoneSimulator.Build.0 = Debug|Any CPU
		{6A3711CE-A22F-421D-AF9F-2661E6B9D3B5}.Release|Any CPU.ActiveCfg = Release|Any CPU
		{6A3711CE-A22F-421D-AF9F-2661E6B9D3B5}.Release|Any CPU.Build.0 = Release|Any CPU
		{6A3711CE-A22F-421D-AF9F-2661E6B9D3B5}.Release|iPhone.ActiveCfg = Release|Any CPU
		{6A3711CE-A22F-421D-AF9F-2661E6B9D3B5}.Release|iPhone.Build.0 = Release|Any CPU
		{6A3711CE-A22F-421D-AF9F-2661E6B9D3B5}.Release|iPhoneSimulator.ActiveCfg = Release|Any CPU
		{6A3711CE-A22F-421D-AF9F-2661E6B9D3B5}.Release|iPhoneSimulator.Build.0 = Release|Any CPU
		{7A989EAC-CD32-4673-8FF5-709ECBD1B134}.Ad-Hoc|Any CPU.ActiveCfg = Release|Any CPU
		{7A989EAC-CD32-4673-8FF5-709ECBD1B134}.Ad-Hoc|Any CPU.Build.0 = Release|Any CPU
		{7A989EAC-CD32-4673-8FF5-709ECBD1B134}.Ad-Hoc|iPhone.ActiveCfg = Debug|Any CPU
		{7A989EAC-CD32-4673-8FF5-709ECBD1B134}.Ad-Hoc|iPhone.Build.0 = Debug|Any CPU
		{7A989EAC-CD32-4673-8FF5-709ECBD1B134}.Ad-Hoc|iPhoneSimulator.ActiveCfg = Release|Any CPU
		{7A989EAC-CD32-4673-8FF5-709ECBD1B134}.Ad-Hoc|iPhoneSimulator.Build.0 = Release|Any CPU
		{7A989EAC-CD32-4673-8FF5-709ECBD1B134}.AppStore|Any CPU.ActiveCfg = Release|Any CPU
		{7A989EAC-CD32-4673-8FF5-709ECBD1B134}.AppStore|Any CPU.Build.0 = Release|Any CPU
		{7A989EAC-CD32-4673-8FF5-709ECBD1B134}.AppStore|iPhone.ActiveCfg = Debug|Any CPU
		{7A989EAC-CD32-4673-8FF5-709ECBD1B134}.AppStore|iPhone.Build.0 = Debug|Any CPU
		{7A989EAC-CD32-4673-8FF5-709ECBD1B134}.AppStore|iPhoneSimulator.ActiveCfg = Release|Any CPU
		{7A989EAC-CD32-4673-8FF5-709ECBD1B134}.AppStore|iPhoneSimulator.Build.0 = Release|Any CPU
		{7A989EAC-CD32-4673-8FF5-709ECBD1B134}.Debug|Any CPU.ActiveCfg = Debug|Any CPU
		{7A989EAC-CD32-4673-8FF5-709ECBD1B134}.Debug|Any CPU.Build.0 = Debug|Any CPU
		{7A989EAC-CD32-4673-8FF5-709ECBD1B134}.Debug|iPhone.ActiveCfg = Debug|Any CPU
		{7A989EAC-CD32-4673-8FF5-709ECBD1B134}.Debug|iPhone.Build.0 = Debug|Any CPU
		{7A989EAC-CD32-4673-8FF5-709ECBD1B134}.Debug|iPhoneSimulator.ActiveCfg = Debug|Any CPU
		{7A989EAC-CD32-4673-8FF5-709ECBD1B134}.Debug|iPhoneSimulator.Build.0 = Debug|Any CPU
		{7A989EAC-CD32-4673-8FF5-709ECBD1B134}.Release|Any CPU.ActiveCfg = Release|Any CPU
		{7A989EAC-CD32-4673-8FF5-709ECBD1B134}.Release|Any CPU.Build.0 = Release|Any CPU
		{7A989EAC-CD32-4673-8FF5-709ECBD1B134}.Release|iPhone.ActiveCfg = Release|Any CPU
		{7A989EAC-CD32-4673-8FF5-709ECBD1B134}.Release|iPhone.Build.0 = Release|Any CPU
		{7A989EAC-CD32-4673-8FF5-709ECBD1B134}.Release|iPhoneSimulator.ActiveCfg = Release|Any CPU
		{7A989EAC-CD32-4673-8FF5-709ECBD1B134}.Release|iPhoneSimulator.Build.0 = Release|Any CPU
		{49D83E73-90B8-4C9A-B2EF-D835CE9964F8}.Ad-Hoc|Any CPU.ActiveCfg = Release|Any CPU
		{49D83E73-90B8-4C9A-B2EF-D835CE9964F8}.Ad-Hoc|Any CPU.Build.0 = Release|Any CPU
		{49D83E73-90B8-4C9A-B2EF-D835CE9964F8}.Ad-Hoc|iPhone.ActiveCfg = Debug|Any CPU
		{49D83E73-90B8-4C9A-B2EF-D835CE9964F8}.Ad-Hoc|iPhone.Build.0 = Debug|Any CPU
		{49D83E73-90B8-4C9A-B2EF-D835CE9964F8}.Ad-Hoc|iPhoneSimulator.ActiveCfg = Release|Any CPU
		{49D83E73-90B8-4C9A-B2EF-D835CE9964F8}.Ad-Hoc|iPhoneSimulator.Build.0 = Release|Any CPU
		{49D83E73-90B8-4C9A-B2EF-D835CE9964F8}.AppStore|Any CPU.ActiveCfg = Release|Any CPU
		{49D83E73-90B8-4C9A-B2EF-D835CE9964F8}.AppStore|Any CPU.Build.0 = Release|Any CPU
		{49D83E73-90B8-4C9A-B2EF-D835CE9964F8}.AppStore|iPhone.ActiveCfg = Debug|Any CPU
		{49D83E73-90B8-4C9A-B2EF-D835CE9964F8}.AppStore|iPhone.Build.0 = Debug|Any CPU
		{49D83E73-90B8-4C9A-B2EF-D835CE9964F8}.AppStore|iPhoneSimulator.ActiveCfg = Release|Any CPU
		{49D83E73-90B8-4C9A-B2EF-D835CE9964F8}.AppStore|iPhoneSimulator.Build.0 = Release|Any CPU
		{49D83E73-90B8-4C9A-B2EF-D835CE9964F8}.Debug|Any CPU.ActiveCfg = Debug|Any CPU
		{49D83E73-90B8-4C9A-B2EF-D835CE9964F8}.Debug|Any CPU.Build.0 = Debug|Any CPU
		{49D83E73-90B8-4C9A-B2EF-D835CE9964F8}.Debug|iPhone.ActiveCfg = Debug|Any CPU
		{49D83E73-90B8-4C9A-B2EF-D835CE9964F8}.Debug|iPhone.Build.0 = Debug|Any CPU
		{49D83E73-90B8-4C9A-B2EF-D835CE9964F8}.Debug|iPhoneSimulator.ActiveCfg = Debug|Any CPU
		{49D83E73-90B8-4C9A-B2EF-D835CE9964F8}.Debug|iPhoneSimulator.Build.0 = Debug|Any CPU
		{49D83E73-90B8-4C9A-B2EF-D835CE9964F8}.Release|Any CPU.ActiveCfg = Release|Any CPU
		{49D83E73-90B8-4C9A-B2EF-D835CE9964F8}.Release|Any CPU.Build.0 = Release|Any CPU
		{49D83E73-90B8-4C9A-B2EF-D835CE9964F8}.Release|iPhone.ActiveCfg = Release|Any CPU
		{49D83E73-90B8-4C9A-B2EF-D835CE9964F8}.Release|iPhone.Build.0 = Release|Any CPU
		{49D83E73-90B8-4C9A-B2EF-D835CE9964F8}.Release|iPhoneSimulator.ActiveCfg = Release|Any CPU
		{49D83E73-90B8-4C9A-B2EF-D835CE9964F8}.Release|iPhoneSimulator.Build.0 = Release|Any CPU
		{A7C572F3-6405-4E16-8739-10387F50B805}.Ad-Hoc|Any CPU.ActiveCfg = Release|Any CPU
		{A7C572F3-6405-4E16-8739-10387F50B805}.Ad-Hoc|Any CPU.Build.0 = Release|Any CPU
		{A7C572F3-6405-4E16-8739-10387F50B805}.Ad-Hoc|iPhone.ActiveCfg = Debug|Any CPU
		{A7C572F3-6405-4E16-8739-10387F50B805}.Ad-Hoc|iPhone.Build.0 = Debug|Any CPU
		{A7C572F3-6405-4E16-8739-10387F50B805}.Ad-Hoc|iPhoneSimulator.ActiveCfg = Release|Any CPU
		{A7C572F3-6405-4E16-8739-10387F50B805}.Ad-Hoc|iPhoneSimulator.Build.0 = Release|Any CPU
		{A7C572F3-6405-4E16-8739-10387F50B805}.AppStore|Any CPU.ActiveCfg = Release|Any CPU
		{A7C572F3-6405-4E16-8739-10387F50B805}.AppStore|Any CPU.Build.0 = Release|Any CPU
		{A7C572F3-6405-4E16-8739-10387F50B805}.AppStore|iPhone.ActiveCfg = Debug|Any CPU
		{A7C572F3-6405-4E16-8739-10387F50B805}.AppStore|iPhone.Build.0 = Debug|Any CPU
		{A7C572F3-6405-4E16-8739-10387F50B805}.AppStore|iPhoneSimulator.ActiveCfg = Release|Any CPU
		{A7C572F3-6405-4E16-8739-10387F50B805}.AppStore|iPhoneSimulator.Build.0 = Release|Any CPU
		{A7C572F3-6405-4E16-8739-10387F50B805}.Debug|Any CPU.ActiveCfg = Debug|Any CPU
		{A7C572F3-6405-4E16-8739-10387F50B805}.Debug|Any CPU.Build.0 = Debug|Any CPU
		{A7C572F3-6405-4E16-8739-10387F50B805}.Debug|iPhone.ActiveCfg = Debug|Any CPU
		{A7C572F3-6405-4E16-8739-10387F50B805}.Debug|iPhone.Build.0 = Debug|Any CPU
		{A7C572F3-6405-4E16-8739-10387F50B805}.Debug|iPhoneSimulator.ActiveCfg = Debug|Any CPU
		{A7C572F3-6405-4E16-8739-10387F50B805}.Debug|iPhoneSimulator.Build.0 = Debug|Any CPU
		{A7C572F3-6405-4E16-8739-10387F50B805}.Release|Any CPU.ActiveCfg = Release|Any CPU
		{A7C572F3-6405-4E16-8739-10387F50B805}.Release|Any CPU.Build.0 = Release|Any CPU
		{A7C572F3-6405-4E16-8739-10387F50B805}.Release|iPhone.ActiveCfg = Release|Any CPU
		{A7C572F3-6405-4E16-8739-10387F50B805}.Release|iPhone.Build.0 = Release|Any CPU
		{A7C572F3-6405-4E16-8739-10387F50B805}.Release|iPhoneSimulator.ActiveCfg = Release|Any CPU
		{A7C572F3-6405-4E16-8739-10387F50B805}.Release|iPhoneSimulator.Build.0 = Release|Any CPU
		{E284DED3-E65A-4245-ADD4-291B7B08D026}.Ad-Hoc|Any CPU.ActiveCfg = Release|Any CPU
		{E284DED3-E65A-4245-ADD4-291B7B08D026}.Ad-Hoc|Any CPU.Build.0 = Release|Any CPU
		{E284DED3-E65A-4245-ADD4-291B7B08D026}.Ad-Hoc|iPhone.ActiveCfg = Debug|Any CPU
		{E284DED3-E65A-4245-ADD4-291B7B08D026}.Ad-Hoc|iPhone.Build.0 = Debug|Any CPU
		{E284DED3-E65A-4245-ADD4-291B7B08D026}.Ad-Hoc|iPhoneSimulator.ActiveCfg = Release|Any CPU
		{E284DED3-E65A-4245-ADD4-291B7B08D026}.Ad-Hoc|iPhoneSimulator.Build.0 = Release|Any CPU
		{E284DED3-E65A-4245-ADD4-291B7B08D026}.AppStore|Any CPU.ActiveCfg = Release|Any CPU
		{E284DED3-E65A-4245-ADD4-291B7B08D026}.AppStore|Any CPU.Build.0 = Release|Any CPU
		{E284DED3-E65A-4245-ADD4-291B7B08D026}.AppStore|iPhone.ActiveCfg = Debug|Any CPU
		{E284DED3-E65A-4245-ADD4-291B7B08D026}.AppStore|iPhone.Build.0 = Debug|Any CPU
		{E284DED3-E65A-4245-ADD4-291B7B08D026}.AppStore|iPhoneSimulator.ActiveCfg = Release|Any CPU
		{E284DED3-E65A-4245-ADD4-291B7B08D026}.AppStore|iPhoneSimulator.Build.0 = Release|Any CPU
		{E284DED3-E65A-4245-ADD4-291B7B08D026}.Debug|Any CPU.ActiveCfg = Debug|Any CPU
		{E284DED3-E65A-4245-ADD4-291B7B08D026}.Debug|Any CPU.Build.0 = Debug|Any CPU
		{E284DED3-E65A-4245-ADD4-291B7B08D026}.Debug|iPhone.ActiveCfg = Debug|Any CPU
		{E284DED3-E65A-4245-ADD4-291B7B08D026}.Debug|iPhone.Build.0 = Debug|Any CPU
		{E284DED3-E65A-4245-ADD4-291B7B08D026}.Debug|iPhoneSimulator.ActiveCfg = Debug|Any CPU
		{E284DED3-E65A-4245-ADD4-291B7B08D026}.Debug|iPhoneSimulator.Build.0 = Debug|Any CPU
		{E284DED3-E65A-4245-ADD4-291B7B08D026}.Release|Any CPU.ActiveCfg = Release|Any CPU
		{E284DED3-E65A-4245-ADD4-291B7B08D026}.Release|Any CPU.Build.0 = Release|Any CPU
		{E284DED3-E65A-4245-ADD4-291B7B08D026}.Release|iPhone.ActiveCfg = Release|Any CPU
		{E284DED3-E65A-4245-ADD4-291B7B08D026}.Release|iPhone.Build.0 = Release|Any CPU
		{E284DED3-E65A-4245-ADD4-291B7B08D026}.Release|iPhoneSimulator.ActiveCfg = Release|Any CPU
		{E284DED3-E65A-4245-ADD4-291B7B08D026}.Release|iPhoneSimulator.Build.0 = Release|Any CPU
		{A5DF79EC-28AD-47D7-9618-2A181BDFDB98}.Ad-Hoc|Any CPU.ActiveCfg = Release|Any CPU
		{A5DF79EC-28AD-47D7-9618-2A181BDFDB98}.Ad-Hoc|Any CPU.Build.0 = Release|Any CPU
		{A5DF79EC-28AD-47D7-9618-2A181BDFDB98}.Ad-Hoc|iPhone.ActiveCfg = Debug|Any CPU
		{A5DF79EC-28AD-47D7-9618-2A181BDFDB98}.Ad-Hoc|iPhone.Build.0 = Debug|Any CPU
		{A5DF79EC-28AD-47D7-9618-2A181BDFDB98}.Ad-Hoc|iPhoneSimulator.ActiveCfg = Release|Any CPU
		{A5DF79EC-28AD-47D7-9618-2A181BDFDB98}.Ad-Hoc|iPhoneSimulator.Build.0 = Release|Any CPU
		{A5DF79EC-28AD-47D7-9618-2A181BDFDB98}.AppStore|Any CPU.ActiveCfg = Release|Any CPU
		{A5DF79EC-28AD-47D7-9618-2A181BDFDB98}.AppStore|Any CPU.Build.0 = Release|Any CPU
		{A5DF79EC-28AD-47D7-9618-2A181BDFDB98}.AppStore|iPhone.ActiveCfg = Debug|Any CPU
		{A5DF79EC-28AD-47D7-9618-2A181BDFDB98}.AppStore|iPhone.Build.0 = Debug|Any CPU
		{A5DF79EC-28AD-47D7-9618-2A181BDFDB98}.AppStore|iPhoneSimulator.ActiveCfg = Release|Any CPU
		{A5DF79EC-28AD-47D7-9618-2A181BDFDB98}.AppStore|iPhoneSimulator.Build.0 = Release|Any CPU
		{A5DF79EC-28AD-47D7-9618-2A181BDFDB98}.Debug|Any CPU.ActiveCfg = Debug|Any CPU
		{A5DF79EC-28AD-47D7-9618-2A181BDFDB98}.Debug|Any CPU.Build.0 = Debug|Any CPU
		{A5DF79EC-28AD-47D7-9618-2A181BDFDB98}.Debug|iPhone.ActiveCfg = Debug|Any CPU
		{A5DF79EC-28AD-47D7-9618-2A181BDFDB98}.Debug|iPhone.Build.0 = Debug|Any CPU
		{A5DF79EC-28AD-47D7-9618-2A181BDFDB98}.Debug|iPhoneSimulator.ActiveCfg = Debug|Any CPU
		{A5DF79EC-28AD-47D7-9618-2A181BDFDB98}.Debug|iPhoneSimulator.Build.0 = Debug|Any CPU
		{A5DF79EC-28AD-47D7-9618-2A181BDFDB98}.Release|Any CPU.ActiveCfg = Release|Any CPU
		{A5DF79EC-28AD-47D7-9618-2A181BDFDB98}.Release|Any CPU.Build.0 = Release|Any CPU
		{A5DF79EC-28AD-47D7-9618-2A181BDFDB98}.Release|iPhone.ActiveCfg = Release|Any CPU
		{A5DF79EC-28AD-47D7-9618-2A181BDFDB98}.Release|iPhone.Build.0 = Release|Any CPU
		{A5DF79EC-28AD-47D7-9618-2A181BDFDB98}.Release|iPhoneSimulator.ActiveCfg = Release|Any CPU
		{A5DF79EC-28AD-47D7-9618-2A181BDFDB98}.Release|iPhoneSimulator.Build.0 = Release|Any CPU
	EndGlobalSection
	GlobalSection(SolutionProperties) = preSolution
		HideSolutionNode = FALSE
	EndGlobalSection
	GlobalSection(NestedProjects) = preSolution
		{41F3DD73-922E-438E-AFE6-FA07DC8FF547} = {8EAD8473-037C-4032-8124-60B2F7E76FAB}
		{4389733B-7BA3-430A-AE11-B9CA73CC42A3} = {8EAD8473-037C-4032-8124-60B2F7E76FAB}
		{024B0524-C30D-4DF7-B5CA-58B3E9E8AE82} = {8EAD8473-037C-4032-8124-60B2F7E76FAB}
		{2DA9DA98-63C7-47AE-B6E5-2556366B57B0} = {8EAD8473-037C-4032-8124-60B2F7E76FAB}
		{8CAF0E33-47E1-4C4A-8B7E-709933D139F0} = {2DA9DA98-63C7-47AE-B6E5-2556366B57B0}
		{ACC802B2-8A61-4013-89C3-9DE058D1FA68} = {2DA9DA98-63C7-47AE-B6E5-2556366B57B0}
		{B5E96D9F-09CF-4F39-84E9-CBBFE26F3281} = {8EAD8473-037C-4032-8124-60B2F7E76FAB}
		{10F8FD48-BE3F-4FF1-A517-206CF96F75E8} = {8EAD8473-037C-4032-8124-60B2F7E76FAB}
		{29D17746-9863-44BF-B12D-3066C3701A49} = {07DEA3BA-6756-48DF-ABE1-52550EB976D4}
		{625EC405-FAFA-4BFA-84A0-76076FABB500} = {07DEA3BA-6756-48DF-ABE1-52550EB976D4}
		{20753D72-2A78-4587-AE4A-7DDBE26E97DE} = {07DEA3BA-6756-48DF-ABE1-52550EB976D4}
		{87F61E13-ACAB-4C4C-B680-2E0E1A182F34} = {07DEA3BA-6756-48DF-ABE1-52550EB976D4}
		{DEF6633F-6224-4F34-BC96-81FD0DC21C6D} = {07DEA3BA-6756-48DF-ABE1-52550EB976D4}
		{34BF3256-3BE2-4A1C-82FB-A4BA4AB02723} = {07DEA3BA-6756-48DF-ABE1-52550EB976D4}
		{EF11174B-4DE2-4303-A4D3-DF6A4398D898} = {1582FBC9-C228-4AA7-845B-585F082334C3}
		{D65BE601-F697-4DCB-B38B-A44416BCB18C} = {1582FBC9-C228-4AA7-845B-585F082334C3}
		{1A6BA588-FA6A-43A1-BF93-A752574D2167} = {1582FBC9-C228-4AA7-845B-585F082334C3}
		{6BC656C6-2B14-4F16-895D-39F5A8AC8CC3} = {1582FBC9-C228-4AA7-845B-585F082334C3}
		{A35E5ED4-44ED-449D-90B3-7606A50F3DD0} = {1723A19C-346F-4F9B-97A4-6A68C36DACFC}
		{ADA3AF83-E255-49CC-8B50-EEA07D59CFBE} = {1723A19C-346F-4F9B-97A4-6A68C36DACFC}
		{C36B3EC5-7345-48EE-B190-3435018E4133} = {1723A19C-346F-4F9B-97A4-6A68C36DACFC}
		{1D3B2884-AF92-4434-9C27-10F96D8B268B} = {1723A19C-346F-4F9B-97A4-6A68C36DACFC}
		{0F7689DC-4641-410E-88A3-54A846A5D4CE} = {9B744AF7-4F75-45C1-96EF-0033F3C07B96}
		{447DD619-4808-4F6A-8D56-D8FAB9E585FD} = {41F3DD73-922E-438E-AFE6-FA07DC8FF547}
		{30171CAA-9C6B-46A0-AC96-032DA5CC9A7E} = {41F3DD73-922E-438E-AFE6-FA07DC8FF547}
		{F6E8DD09-73E4-4FC0-9166-C6A3FBA1EDE1} = {41F3DD73-922E-438E-AFE6-FA07DC8FF547}
		{02BBB9ED-BCE1-4CA1-8DEB-31C6BAACF275} = {41F3DD73-922E-438E-AFE6-FA07DC8FF547}
		{F248B904-4096-457E-854E-FC92FE394CED} = {41F3DD73-922E-438E-AFE6-FA07DC8FF547}
		{FF1137B1-87B1-426D-AB9A-D70364210419} = {41F3DD73-922E-438E-AFE6-FA07DC8FF547}
		{B41D3977-0F25-43E7-89A4-726F5B283B30} = {41F3DD73-922E-438E-AFE6-FA07DC8FF547}
		{FB813837-4273-46F8-90D5-92278224F889} = {4389733B-7BA3-430A-AE11-B9CA73CC42A3}
		{67DCD2E9-C572-4A7A-82AE-2811F7C5CF17} = {4389733B-7BA3-430A-AE11-B9CA73CC42A3}
		{804C8E0C-6747-408D-AC42-A2CAAD1B91B2} = {4389733B-7BA3-430A-AE11-B9CA73CC42A3}
		{7F18BDA9-9EB6-4B50-A105-7BDBD8A5D755} = {4389733B-7BA3-430A-AE11-B9CA73CC42A3}
		{B5C29309-AD2E-4EE6-8421-E0A7C09559B5} = {4389733B-7BA3-430A-AE11-B9CA73CC42A3}
		{23BA2A00-C5CE-4D79-B219-8FCFC0E63A9C} = {024B0524-C30D-4DF7-B5CA-58B3E9E8AE82}
		{B623F569-A7BF-445C-9882-5AE052597F2B} = {024B0524-C30D-4DF7-B5CA-58B3E9E8AE82}
		{3DAC30E9-1342-431B-A383-BADF774096A8} = {024B0524-C30D-4DF7-B5CA-58B3E9E8AE82}
		{D5419814-C981-4A38-A421-357407714393} = {8CAF0E33-47E1-4C4A-8B7E-709933D139F0}
		{4E969C46-0EA2-4C65-8E6D-9254F5FDD211} = {8CAF0E33-47E1-4C4A-8B7E-709933D139F0}
		{0D9B5658-243F-457A-816D-FCE74EF9E353} = {8CAF0E33-47E1-4C4A-8B7E-709933D139F0}
		{7960BBEE-8718-4D48-B662-C0490242926D} = {8CAF0E33-47E1-4C4A-8B7E-709933D139F0}
		{EFA2D6E1-31AF-4844-A286-EC9D1529CC84} = {8EAD8473-037C-4032-8124-60B2F7E76FAB}
		{AD589BC4-1D31-45E8-ACC1-318D0B24BF69} = {8EAD8473-037C-4032-8124-60B2F7E76FAB}
		{2B78622B-429F-4D35-AFBB-B3D6049969B7} = {8EAD8473-037C-4032-8124-60B2F7E76FAB}
		{2881FFFA-1BE8-4A24-A8D9-8B9FDFA96949} = {8EAD8473-037C-4032-8124-60B2F7E76FAB}
		{982327FF-7D07-4E8F-AD82-3E620D57EBA2} = {8EAD8473-037C-4032-8124-60B2F7E76FAB}
		{7073FA6E-671F-4094-BCDB-036A43DE9A9B} = {8EAD8473-037C-4032-8124-60B2F7E76FAB}
		{FC09796D-584E-4314-88CA-E453C1D52EA7} = {B5E96D9F-09CF-4F39-84E9-CBBFE26F3281}
		{8ED7CDFA-3A26-4870-B9A9-936E7C6AEFBC} = {10F8FD48-BE3F-4FF1-A517-206CF96F75E8}
		{6A3711CE-A22F-421D-AF9F-2661E6B9D3B5} = {29D17746-9863-44BF-B12D-3066C3701A49}
		{7A989EAC-CD32-4673-8FF5-709ECBD1B134} = {29D17746-9863-44BF-B12D-3066C3701A49}
		{49D83E73-90B8-4C9A-B2EF-D835CE9964F8} = {29D17746-9863-44BF-B12D-3066C3701A49}
		{A7C572F3-6405-4E16-8739-10387F50B805} = {29D17746-9863-44BF-B12D-3066C3701A49}
		{E284DED3-E65A-4245-ADD4-291B7B08D026} = {29D17746-9863-44BF-B12D-3066C3701A49}
		{A5DF79EC-28AD-47D7-9618-2A181BDFDB98} = {29D17746-9863-44BF-B12D-3066C3701A49}
	EndGlobalSection
	GlobalSection(MonoDevelopProperties) = preSolution
		StartupItem = C\ConsoleProject-C\ConsoleProject-C.cproj
	EndGlobalSection
EndGlobal
